
Microsoft Visual Studio Solution File, Format Version 12.00
# Visual Studio Version 17
Project("{8BC9CEB8-8B4A-11D0-8D11-00A0C91BC942}") = "ALL_BUILD", "ALL_BUILD.vcxproj", "{44B79BAA-32C7-3A9F-9908-AD63E03CA12F}"
	ProjectSection(ProjectDependencies) = postProject
		{CB9C7C60-9E6E-3271-BE67-332D6F0704D5} = {CB9C7C60-9E6E-3271-BE67-332D6F0704D5}
		{41F65460-FF42-3CA1-AE47-10A1E78A66FE} = {41F65460-FF42-3CA1-AE47-10A1E78A66FE}
		{C20F10F9-E2E0-3BEE-A731-C4A3DE9B7F85} = {C20F10F9-E2E0-3BEE-A731-C4A3DE9B7F85}
		{203F6A7C-5137-3782-A159-581890A64A1A} = {203F6A7C-5137-3782-A159-581890A64A1A}
		{6E47D5E1-2436-3DA0-881B-685F16AB8CED} = {6E47D5E1-2436-3DA0-881B-685F16AB8CED}
		{974C017C-8C9C-3091-A7A9-C79B21A9BD45} = {974C017C-8C9C-3091-A7A9-C79B21A9BD45}
		{87DDF02E-3FC2-346D-A46B-99C411332A37} = {87DDF02E-3FC2-346D-A46B-99C411332A37}
		{FA770EE1-DDA2-3C3D-BA63-3E79FD9BDBD5} = {FA770EE1-DDA2-3C3D-BA63-3E79FD9BDBD5}
		{E42F5B37-1EA1-3D73-ADBF-B6125C2BAD55} = {E42F5B37-1EA1-3D73-ADBF-B6125C2BAD55}
		{30D70843-9EF8-314B-8669-DDAACF0B40DF} = {30D70843-9EF8-314B-8669-DDAACF0B40DF}
		{EF94136E-DF52-302E-BCB1-B96C76F00AAF} = {EF94136E-DF52-302E-BCB1-B96C76F00AAF}
		{ABDB61EC-242B-3C8F-9C1D-94EDC1CB0341} = {ABDB61EC-242B-3C8F-9C1D-94EDC1CB0341}
		{8C86A5C8-F398-3F53-97EC-FD231B799F0B} = {8C86A5C8-F398-3F53-97EC-FD231B799F0B}
		{9CDB52FB-7555-3EB6-A2C1-D8ECEAF21EB1} = {9CDB52FB-7555-3EB6-A2C1-D8ECEAF21EB1}
		{BEC6F7B6-DFF9-3F83-A389-2F4CD9E5F49C} = {BEC6F7B6-DFF9-3F83-A389-2F4CD9E5F49C}
		{F5DF46C1-C990-33C1-AA9A-2507DC3FB5E3} = {F5DF46C1-C990-33C1-AA9A-2507DC3FB5E3}
		{6F1DC9F6-465D-3DC4-A4AF-E52519D956A6} = {6F1DC9F6-465D-3DC4-A4AF-E52519D956A6}
		{C84DE338-C23E-3825-9A40-7C624FBA360E} = {C84DE338-C23E-3825-9A40-7C624FBA360E}
		{E871A48B-4848-3DF8-9737-B27D89508309} = {E871A48B-4848-3DF8-9737-B27D89508309}
		{E73A00DB-789B-36F6-B2DE-8AD4936552B4} = {E73A00DB-789B-36F6-B2DE-8AD4936552B4}
		{B3988A96-0BAF-3A9A-B2A1-5B5EA7632189} = {B3988A96-0BAF-3A9A-B2A1-5B5EA7632189}
		{A6DE9CCA-BF72-325F-8D82-4218DD8A8404} = {A6DE9CCA-BF72-325F-8D82-4218DD8A8404}
		{2BD6CC44-9278-33F5-A840-57020B230594} = {2BD6CC44-9278-33F5-A840-57020B230594}
	EndProjectSection
EndProject
Project("{8BC9CEB8-8B4A-11D0-8D11-00A0C91BC942}") = "3DGameOfLife-Vulkan-Edition", "3DGameOfLife-Vulkan-Edition.vcxproj", "{CB9C7C60-9E6E-3271-BE67-332D6F0704D5}"
	ProjectSection(ProjectDependencies) = postProject
		{41F65460-FF42-3CA1-AE47-10A1E78A66FE} = {41F65460-FF42-3CA1-AE47-10A1E78A66FE}
		{203F6A7C-5137-3782-A159-581890A64A1A} = {203F6A7C-5137-3782-A159-581890A64A1A}
		{974C017C-8C9C-3091-A7A9-C79B21A9BD45} = {974C017C-8C9C-3091-A7A9-C79B21A9BD45}
		{E42F5B37-1EA1-3D73-ADBF-B6125C2BAD55} = {E42F5B37-1EA1-3D73-ADBF-B6125C2BAD55}
		{30D70843-9EF8-314B-8669-DDAACF0B40DF} = {30D70843-9EF8-314B-8669-DDAACF0B40DF}
		{8C86A5C8-F398-3F53-97EC-FD231B799F0B} = {8C86A5C8-F398-3F53-97EC-FD231B799F0B}
		{F5DF46C1-C990-33C1-AA9A-2507DC3FB5E3} = {F5DF46C1-C990-33C1-AA9A-2507DC3FB5E3}
		{6F1DC9F6-465D-3DC4-A4AF-E52519D956A6} = {6F1DC9F6-465D-3DC4-A4AF-E52519D956A6}
		{E871A48B-4848-3DF8-9737-B27D89508309} = {E871A48B-4848-3DF8-9737-B27D89508309}
		{E73A00DB-789B-36F6-B2DE-8AD4936552B4} = {E73A00DB-789B-36F6-B2DE-8AD4936552B4}
		{B3988A96-0BAF-3A9A-B2A1-5B5EA7632189} = {B3988A96-0BAF-3A9A-B2A1-5B5EA7632189}
		{A6DE9CCA-BF72-325F-8D82-4218DD8A8404} = {A6DE9CCA-BF72-325F-8D82-4218DD8A8404}
		{2BD6CC44-9278-33F5-A840-57020B230594} = {2BD6CC44-9278-33F5-A840-57020B230594}
	EndProjectSection
EndProject
Project("{8BC9CEB8-8B4A-11D0-8D11-00A0C91BC942}") = "3DGameOfLife-Vulkan-Edition_lib", "3DGameOfLife-Vulkan-Edition_lib.vcxproj", "{41F65460-FF42-3CA1-AE47-10A1E78A66FE}"
	ProjectSection(ProjectDependencies) = postProject
		{203F6A7C-5137-3782-A159-581890A64A1A} = {203F6A7C-5137-3782-A159-581890A64A1A}
		{974C017C-8C9C-3091-A7A9-C79B21A9BD45} = {974C017C-8C9C-3091-A7A9-C79B21A9BD45}
		{E42F5B37-1EA1-3D73-ADBF-B6125C2BAD55} = {E42F5B37-1EA1-3D73-ADBF-B6125C2BAD55}
		{30D70843-9EF8-314B-8669-DDAACF0B40DF} = {30D70843-9EF8-314B-8669-DDAACF0B40DF}
		{8C86A5C8-F398-3F53-97EC-FD231B799F0B} = {8C86A5C8-F398-3F53-97EC-FD231B799F0B}
		{F5DF46C1-C990-33C1-AA9A-2507DC3FB5E3} = {F5DF46C1-C990-33C1-AA9A-2507DC3FB5E3}
		{6F1DC9F6-465D-3DC4-A4AF-E52519D956A6} = {6F1DC9F6-465D-3DC4-A4AF-E52519D956A6}
		{E871A48B-4848-3DF8-9737-B27D89508309} = {E871A48B-4848-3DF8-9737-B27D89508309}
		{E73A00DB-789B-36F6-B2DE-8AD4936552B4} = {E73A00DB-789B-36F6-B2DE-8AD4936552B4}
		{B3988A96-0BAF-3A9A-B2A1-5B5EA7632189} = {B3988A96-0BAF-3A9A-B2A1-5B5EA7632189}
		{A6DE9CCA-BF72-325F-8D82-4218DD8A8404} = {A6DE9CCA-BF72-325F-8D82-4218DD8A8404}
		{2BD6CC44-9278-33F5-A840-57020B230594} = {2BD6CC44-9278-33F5-A840-57020B230594}
	EndProjectSection
EndProject
Project("{8BC9CEB8-8B4A-11D0-8D11-00A0C91BC942}") = "3DGameOfLife-Vulkan-Edition_minimal", "3DGameOfLife-Vulkan-Edition_minimal.vcxproj", "{C20F10F9-E2E0-3BEE-A731-C4A3DE9B7F85}"
	ProjectSection(ProjectDependencies) = postProject
		{203F6A7C-5137-3782-A159-581890A64A1A} = {203F6A7C-5137-3782-A159-581890A64A1A}
		{974C017C-8C9C-3091-A7A9-C79B21A9BD45} = {974C017C-8C9C-3091-A7A9-C79B21A9BD45}
		{E42F5B37-1EA1-3D73-ADBF-B6125C2BAD55} = {E42F5B37-1EA1-3D73-ADBF-B6125C2BAD55}
		{30D70843-9EF8-314B-8669-DDAACF0B40DF} = {30D70843-9EF8-314B-8669-DDAACF0B40DF}
		{8C86A5C8-F398-3F53-97EC-FD231B799F0B} = {8C86A5C8-F398-3F53-97EC-FD231B799F0B}
		{F5DF46C1-C990-33C1-AA9A-2507DC3FB5E3} = {F5DF46C1-C990-33C1-AA9A-2507DC3FB5E3}
		{E871A48B-4848-3DF8-9737-B27D89508309} = {E871A48B-4848-3DF8-9737-B27D89508309}
		{A6DE9CCA-BF72-325F-8D82-4218DD8A8404} = {A6DE9CCA-BF72-325F-8D82-4218DD8A8404}
	EndProjectSection
EndProject
Project("{8BC9CEB8-8B4A-11D0-8D11-00A0C91BC942}") = "Continuous", "Continuous.vcxproj", "{004BFD08-F4C5-3458-8B1C-C187277C9CEC}"
	ProjectSection(ProjectDependencies) = postProject
		{203F6A7C-5137-3782-A159-581890A64A1A} = {203F6A7C-5137-3782-A159-581890A64A1A}
	EndProjectSection
EndProject
Project("{8BC9CEB8-8B4A-11D0-8D11-00A0C91BC942}") = "Experimental", "Experimental.vcxproj", "{F3721DE1-3168-3088-96EC-4CED964998A5}"
	ProjectSection(ProjectDependencies) = postProject
		{203F6A7C-5137-3782-A159-581890A64A1A} = {203F6A7C-5137-3782-A159-581890A64A1A}
	EndProjectSection
EndProject
Project("{8BC9CEB8-8B4A-11D0-8D11-00A0C91BC942}") = "Nightly", "Nightly.vcxproj", "{5657D171-E954-37CB-B8DE-C4C842EF4BC5}"
	ProjectSection(ProjectDependencies) = postProject
		{203F6A7C-5137-3782-A159-581890A64A1A} = {203F6A7C-5137-3782-A159-581890A64A1A}
	EndProjectSection
EndProject
Project("{8BC9CEB8-8B4A-11D0-8D11-00A0C91BC942}") = "NightlyMemoryCheck", "NightlyMemoryCheck.vcxproj", "{29A3F902-C918-3750-89D1-25636DA36A04}"
	ProjectSection(ProjectDependencies) = postProject
		{203F6A7C-5137-3782-A159-581890A64A1A} = {203F6A7C-5137-3782-A159-581890A64A1A}
	EndProjectSection
EndProject
Project("{8BC9CEB8-8B4A-11D0-8D11-00A0C91BC942}") = "RUN_TESTS", "RUN_TESTS.vcxproj", "{50BE7E8A-0DC9-3769-BE36-9BB231654F53}"
	ProjectSection(ProjectDependencies) = postProject
		{203F6A7C-5137-3782-A159-581890A64A1A} = {203F6A7C-5137-3782-A159-581890A64A1A}
	EndProjectSection
EndProject
Project("{8BC9CEB8-8B4A-11D0-8D11-00A0C91BC942}") = "ZERO_CHECK", "ZERO_CHECK.vcxproj", "{203F6A7C-5137-3782-A159-581890A64A1A}"
	ProjectSection(ProjectDependencies) = postProject
	EndProjectSection
EndProject
Project("{8BC9CEB8-8B4A-11D0-8D11-00A0C91BC942}") = "benchmark_tests", "benchmark_tests.vcxproj", "{6E47D5E1-2436-3DA0-881B-685F16AB8CED}"
	ProjectSection(ProjectDependencies) = postProject
		{41F65460-FF42-3CA1-AE47-10A1E78A66FE} = {41F65460-FF42-3CA1-AE47-10A1E78A66FE}
		{203F6A7C-5137-3782-A159-581890A64A1A} = {203F6A7C-5137-3782-A159-581890A64A1A}
		{974C017C-8C9C-3091-A7A9-C79B21A9BD45} = {974C017C-8C9C-3091-A7A9-C79B21A9BD45}
		{E42F5B37-1EA1-3D73-ADBF-B6125C2BAD55} = {E42F5B37-1EA1-3D73-ADBF-B6125C2BAD55}
		{30D70843-9EF8-314B-8669-DDAACF0B40DF} = {30D70843-9EF8-314B-8669-DDAACF0B40DF}
		{8C86A5C8-F398-3F53-97EC-FD231B799F0B} = {8C86A5C8-F398-3F53-97EC-FD231B799F0B}
		{F5DF46C1-C990-33C1-AA9A-2507DC3FB5E3} = {F5DF46C1-C990-33C1-AA9A-2507DC3FB5E3}
		{6F1DC9F6-465D-3DC4-A4AF-E52519D956A6} = {6F1DC9F6-465D-3DC4-A4AF-E52519D956A6}
		{E871A48B-4848-3DF8-9737-B27D89508309} = {E871A48B-4848-3DF8-9737-B27D89508309}
		{E73A00DB-789B-36F6-B2DE-8AD4936552B4} = {E73A00DB-789B-36F6-B2DE-8AD4936552B4}
		{B3988A96-0BAF-3A9A-B2A1-5B5EA7632189} = {B3988A96-0BAF-3A9A-B2A1-5B5EA7632189}
		{A6DE9CCA-BF72-325F-8D82-4218DD8A8404} = {A6DE9CCA-BF72-325F-8D82-4218DD8A8404}
		{2BD6CC44-9278-33F5-A840-57020B230594} = {2BD6CC44-9278-33F5-A840-57020B230594}
	EndProjectSection
EndProject
Project("{8BC9CEB8-8B4A-11D0-8D11-00A0C91BC942}") = "camera", "camera.vcxproj", "{974C017C-8C9C-3091-A7A9-C79B21A9BD45}"
	ProjectSection(ProjectDependencies) = postProject
		{203F6A7C-5137-3782-A159-581890A64A1A} = {203F6A7C-5137-3782-A159-581890A64A1A}
		{E42F5B37-1EA1-3D73-ADBF-B6125C2BAD55} = {E42F5B37-1EA1-3D73-ADBF-B6125C2BAD55}
		{30D70843-9EF8-314B-8669-DDAACF0B40DF} = {30D70843-9EF8-314B-8669-DDAACF0B40DF}
		{8C86A5C8-F398-3F53-97EC-FD231B799F0B} = {8C86A5C8-F398-3F53-97EC-FD231B799F0B}
	EndProjectSection
EndProject
Project("{8BC9CEB8-8B4A-11D0-8D11-00A0C91BC942}") = "clean_shaders", "clean_shaders.vcxproj", "{42FD1EFA-5242-3CBF-82F2-9575183891A1}"
	ProjectSection(ProjectDependencies) = postProject
		{203F6A7C-5137-3782-A159-581890A64A1A} = {203F6A7C-5137-3782-A159-581890A64A1A}
	EndProjectSection
EndProject
Project("{8BC9CEB8-8B4A-11D0-8D11-00A0C91BC942}") = "compile_shaders", "compile_shaders.vcxproj", "{87DDF02E-3FC2-346D-A46B-99C411332A37}"
	ProjectSection(ProjectDependencies) = postProject
		{203F6A7C-5137-3782-A159-581890A64A1A} = {203F6A7C-5137-3782-A159-581890A64A1A}
	EndProjectSection
EndProject
Project("{8BC9CEB8-8B4A-11D0-8D11-00A0C91BC942}") = "copy_shaders", "copy_shaders.vcxproj", "{FA770EE1-DDA2-3C3D-BA63-3E79FD9BDBD5}"
	ProjectSection(ProjectDependencies) = postProject
		{203F6A7C-5137-3782-A159-581890A64A1A} = {203F6A7C-5137-3782-A159-581890A64A1A}
		{87DDF02E-3FC2-346D-A46B-99C411332A37} = {87DDF02E-3FC2-346D-A46B-99C411332A37}
	EndProjectSection
EndProject
Project("{8BC9CEB8-8B4A-11D0-8D11-00A0C91BC942}") = "core_engine", "core_engine.vcxproj", "{E42F5B37-1EA1-3D73-ADBF-B6125C2BAD55}"
	ProjectSection(ProjectDependencies) = postProject
		{203F6A7C-5137-3782-A159-581890A64A1A} = {203F6A7C-5137-3782-A159-581890A64A1A}
	EndProjectSection
EndProject
Project("{8BC9CEB8-8B4A-11D0-8D11-00A0C91BC942}") = "dev_build", "dev_build.vcxproj", "{8BE9D228-7FEE-3675-9838-6ED8B28D1F23}"
	ProjectSection(ProjectDependencies) = postProject
		{CB9C7C60-9E6E-3271-BE67-332D6F0704D5} = {CB9C7C60-9E6E-3271-BE67-332D6F0704D5}
		{203F6A7C-5137-3782-A159-581890A64A1A} = {203F6A7C-5137-3782-A159-581890A64A1A}
		{87DDF02E-3FC2-346D-A46B-99C411332A37} = {87DDF02E-3FC2-346D-A46B-99C411332A37}
	EndProjectSection
EndProject
Project("{8BC9CEB8-8B4A-11D0-8D11-00A0C91BC942}") = "distclean", "distclean.vcxproj", "{B9FFD2F6-8B17-3E51-9401-DE25732C6B8A}"
	ProjectSection(ProjectDependencies) = postProject
		{203F6A7C-5137-3782-A159-581890A64A1A} = {203F6A7C-5137-3782-A159-581890A64A1A}
	EndProjectSection
EndProject
Project("{8BC9CEB8-8B4A-11D0-8D11-00A0C91BC942}") = "game_logic", "game_logic.vcxproj", "{30D70843-9EF8-314B-8669-DDAACF0B40DF}"
	ProjectSection(ProjectDependencies) = postProject
		{203F6A7C-5137-3782-A159-581890A64A1A} = {203F6A7C-5137-3782-A159-581890A64A1A}
		{E42F5B37-1EA1-3D73-ADBF-B6125C2BAD55} = {E42F5B37-1EA1-3D73-ADBF-B6125C2BAD55}
		{8C86A5C8-F398-3F53-97EC-FD231B799F0B} = {8C86A5C8-F398-3F53-97EC-FD231B799F0B}
	EndProjectSection
EndProject
Project("{8BC9CEB8-8B4A-11D0-8D11-00A0C91BC942}") = "integration_tests", "integration_tests.vcxproj", "{EF94136E-DF52-302E-BCB1-B96C76F00AAF}"
	ProjectSection(ProjectDependencies) = postProject
		{41F65460-FF42-3CA1-AE47-10A1E78A66FE} = {41F65460-FF42-3CA1-AE47-10A1E78A66FE}
		{203F6A7C-5137-3782-A159-581890A64A1A} = {203F6A7C-5137-3782-A159-581890A64A1A}
		{974C017C-8C9C-3091-A7A9-C79B21A9BD45} = {974C017C-8C9C-3091-A7A9-C79B21A9BD45}
		{E42F5B37-1EA1-3D73-ADBF-B6125C2BAD55} = {E42F5B37-1EA1-3D73-ADBF-B6125C2BAD55}
		{30D70843-9EF8-314B-8669-DDAACF0B40DF} = {30D70843-9EF8-314B-8669-DDAACF0B40DF}
		{8C86A5C8-F398-3F53-97EC-FD231B799F0B} = {8C86A5C8-F398-3F53-97EC-FD231B799F0B}
		{F5DF46C1-C990-33C1-AA9A-2507DC3FB5E3} = {F5DF46C1-C990-33C1-AA9A-2507DC3FB5E3}
		{6F1DC9F6-465D-3DC4-A4AF-E52519D956A6} = {6F1DC9F6-465D-3DC4-A4AF-E52519D956A6}
		{E871A48B-4848-3DF8-9737-B27D89508309} = {E871A48B-4848-3DF8-9737-B27D89508309}
		{E73A00DB-789B-36F6-B2DE-8AD4936552B4} = {E73A00DB-789B-36F6-B2DE-8AD4936552B4}
		{B3988A96-0BAF-3A9A-B2A1-5B5EA7632189} = {B3988A96-0BAF-3A9A-B2A1-5B5EA7632189}
		{A6DE9CCA-BF72-325F-8D82-4218DD8A8404} = {A6DE9CCA-BF72-325F-8D82-4218DD8A8404}
		{2BD6CC44-9278-33F5-A840-57020B230594} = {2BD6CC44-9278-33F5-A840-57020B230594}
	EndProjectSection
EndProject
Project("{8BC9CEB8-8B4A-11D0-8D11-00A0C91BC942}") = "memory_leak_tests", "memory_leak_tests.vcxproj", "{ABDB61EC-242B-3C8F-9C1D-94EDC1CB0341}"
	ProjectSection(ProjectDependencies) = postProject
		{41F65460-FF42-3CA1-AE47-10A1E78A66FE} = {41F65460-FF42-3CA1-AE47-10A1E78A66FE}
		{203F6A7C-5137-3782-A159-581890A64A1A} = {203F6A7C-5137-3782-A159-581890A64A1A}
		{974C017C-8C9C-3091-A7A9-C79B21A9BD45} = {974C017C-8C9C-3091-A7A9-C79B21A9BD45}
		{E42F5B37-1EA1-3D73-ADBF-B6125C2BAD55} = {E42F5B37-1EA1-3D73-ADBF-B6125C2BAD55}
		{30D70843-9EF8-314B-8669-DDAACF0B40DF} = {30D70843-9EF8-314B-8669-DDAACF0B40DF}
		{8C86A5C8-F398-3F53-97EC-FD231B799F0B} = {8C86A5C8-F398-3F53-97EC-FD231B799F0B}
		{F5DF46C1-C990-33C1-AA9A-2507DC3FB5E3} = {F5DF46C1-C990-33C1-AA9A-2507DC3FB5E3}
		{6F1DC9F6-465D-3DC4-A4AF-E52519D956A6} = {6F1DC9F6-465D-3DC4-A4AF-E52519D956A6}
		{E871A48B-4848-3DF8-9737-B27D89508309} = {E871A48B-4848-3DF8-9737-B27D89508309}
		{E73A00DB-789B-36F6-B2DE-8AD4936552B4} = {E73A00DB-789B-36F6-B2DE-8AD4936552B4}
		{B3988A96-0BAF-3A9A-B2A1-5B5EA7632189} = {B3988A96-0BAF-3A9A-B2A1-5B5EA7632189}
		{A6DE9CCA-BF72-325F-8D82-4218DD8A8404} = {A6DE9CCA-BF72-325F-8D82-4218DD8A8404}
		{2BD6CC44-9278-33F5-A840-57020B230594} = {2BD6CC44-9278-33F5-A840-57020B230594}
	EndProjectSection
EndProject
Project("{8BC9CEB8-8B4A-11D0-8D11-00A0C91BC942}") = "memory_management", "memory_management.vcxproj", "{8C86A5C8-F398-3F53-97EC-FD231B799F0B}"
	ProjectSection(ProjectDependencies) = postProject
		{203F6A7C-5137-3782-A159-581890A64A1A} = {203F6A7C-5137-3782-A159-581890A64A1A}
		{E42F5B37-1EA1-3D73-ADBF-B6125C2BAD55} = {E42F5B37-1EA1-3D73-ADBF-B6125C2BAD55}
	EndProjectSection
EndProject
Project("{8BC9CEB8-8B4A-11D0-8D11-00A0C91BC942}") = "minimal_3d_vulkan", "minimal_3d_vulkan.vcxproj", "{9CDB52FB-7555-3EB6-A2C1-D8ECEAF21EB1}"
	ProjectSection(ProjectDependencies) = postProject
		{203F6A7C-5137-3782-A159-581890A64A1A} = {203F6A7C-5137-3782-A159-581890A64A1A}
	EndProjectSection
EndProject
Project("{8BC9CEB8-8B4A-11D0-8D11-00A0C91BC942}") = "performance_tests", "performance_tests.vcxproj", "{BEC6F7B6-DFF9-3F83-A389-2F4CD9E5F49C}"
	ProjectSection(ProjectDependencies) = postProject
		{41F65460-FF42-3CA1-AE47-10A1E78A66FE} = {41F65460-FF42-3CA1-AE47-10A1E78A66FE}
		{203F6A7C-5137-3782-A159-581890A64A1A} = {203F6A7C-5137-3782-A159-581890A64A1A}
		{974C017C-8C9C-3091-A7A9-C79B21A9BD45} = {974C017C-8C9C-3091-A7A9-C79B21A9BD45}
		{E42F5B37-1EA1-3D73-ADBF-B6125C2BAD55} = {E42F5B37-1EA1-3D73-ADBF-B6125C2BAD55}
		{30D70843-9EF8-314B-8669-DDAACF0B40DF} = {30D70843-9EF8-314B-8669-DDAACF0B40DF}
		{8C86A5C8-F398-3F53-97EC-FD231B799F0B} = {8C86A5C8-F398-3F53-97EC-FD231B799F0B}
		{F5DF46C1-C990-33C1-AA9A-2507DC3FB5E3} = {F5DF46C1-C990-33C1-AA9A-2507DC3FB5E3}
		{6F1DC9F6-465D-3DC4-A4AF-E52519D956A6} = {6F1DC9F6-465D-3DC4-A4AF-E52519D956A6}
		{E871A48B-4848-3DF8-9737-B27D89508309} = {E871A48B-4848-3DF8-9737-B27D89508309}
		{E73A00DB-789B-36F6-B2DE-8AD4936552B4} = {E73A00DB-789B-36F6-B2DE-8AD4936552B4}
		{B3988A96-0BAF-3A9A-B2A1-5B5EA7632189} = {B3988A96-0BAF-3A9A-B2A1-5B5EA7632189}
		{A6DE9CCA-BF72-325F-8D82-4218DD8A8404} = {A6DE9CCA-BF72-325F-8D82-4218DD8A8404}
		{2BD6CC44-9278-33F5-A840-57020B230594} = {2BD6CC44-9278-33F5-A840-57020B230594}
	EndProjectSection
EndProject
Project("{8BC9CEB8-8B4A-11D0-8D11-00A0C91BC942}") = "quick_test", "quick_test.vcxproj", "{BD5675B6-A7EA-3849-8272-EE845153794E}"
	ProjectSection(ProjectDependencies) = postProject
		{203F6A7C-5137-3782-A159-581890A64A1A} = {203F6A7C-5137-3782-A159-581890A64A1A}
		{C84DE338-C23E-3825-9A40-7C624FBA360E} = {C84DE338-C23E-3825-9A40-7C624FBA360E}
	EndProjectSection
EndProject
Project("{8BC9CEB8-8B4A-11D0-8D11-00A0C91BC942}") = "rebuild", "rebuild.vcxproj", "{853CF0C6-E794-32D0-BDDE-4C45B819C02A}"
	ProjectSection(ProjectDependencies) = postProject
		{203F6A7C-5137-3782-A159-581890A64A1A} = {203F6A7C-5137-3782-A159-581890A64A1A}
	EndProjectSection
EndProject
Project("{8BC9CEB8-8B4A-11D0-8D11-00A0C91BC942}") = "rendering", "rendering.vcxproj", "{F5DF46C1-C990-33C1-AA9A-2507DC3FB5E3}"
	ProjectSection(ProjectDependencies) = postProject
		{203F6A7C-5137-3782-A159-581890A64A1A} = {203F6A7C-5137-3782-A159-581890A64A1A}
		{E42F5B37-1EA1-3D73-ADBF-B6125C2BAD55} = {E42F5B37-1EA1-3D73-ADBF-B6125C2BAD55}
	EndProjectSection
EndProject
Project("{8BC9CEB8-8B4A-11D0-8D11-00A0C91BC942}") = "run_benchmarks", "run_benchmarks.vcxproj", "{924719D5-EE7F-3D47-A6AC-4D899B83A4C8}"
	ProjectSection(ProjectDependencies) = postProject
		{203F6A7C-5137-3782-A159-581890A64A1A} = {203F6A7C-5137-3782-A159-581890A64A1A}
		{6E47D5E1-2436-3DA0-881B-685F16AB8CED} = {6E47D5E1-2436-3DA0-881B-685F16AB8CED}
	EndProjectSection
EndProject
Project("{8BC9CEB8-8B4A-11D0-8D11-00A0C91BC942}") = "run_benchmarks_detailed", "run_benchmarks_detailed.vcxproj", "{F88207A2-8324-3B62-8D54-3AE173C9596E}"
	ProjectSection(ProjectDependencies) = postProject
		{203F6A7C-5137-3782-A159-581890A64A1A} = {203F6A7C-5137-3782-A159-581890A64A1A}
		{6E47D5E1-2436-3DA0-881B-685F16AB8CED} = {6E47D5E1-2436-3DA0-881B-685F16AB8CED}
	EndProjectSection
EndProject
Project("{8BC9CEB8-8B4A-11D0-8D11-00A0C91BC942}") = "run_memory_benchmarks", "run_memory_benchmarks.vcxproj", "{D0480892-9078-30C8-9694-16E11CA95A03}"
	ProjectSection(ProjectDependencies) = postProject
		{203F6A7C-5137-3782-A159-581890A64A1A} = {203F6A7C-5137-3782-A159-581890A64A1A}
		{6E47D5E1-2436-3DA0-881B-685F16AB8CED} = {6E47D5E1-2436-3DA0-881B-685F16AB8CED}
	EndProjectSection
EndProject
Project("{8BC9CEB8-8B4A-11D0-8D11-00A0C91BC942}") = "run_vulkan_performance", "run_vulkan_performance.vcxproj", "{38EC8E68-719C-3378-BBFF-FFD94A43520B}"
	ProjectSection(ProjectDependencies) = postProject
		{203F6A7C-5137-3782-A159-581890A64A1A} = {203F6A7C-5137-3782-A159-581890A64A1A}
		{BEC6F7B6-DFF9-3F83-A389-2F4CD9E5F49C} = {BEC6F7B6-DFF9-3F83-A389-2F4CD9E5F49C}
	EndProjectSection
EndProject
Project("{8BC9CEB8-8B4A-11D0-8D11-00A0C91BC942}") = "test_all", "test_all.vcxproj", "{39719041-2940-363C-BA1D-082B14BAF640}"
	ProjectSection(ProjectDependencies) = postProject
		{203F6A7C-5137-3782-A159-581890A64A1A} = {203F6A7C-5137-3782-A159-581890A64A1A}
	EndProjectSection
EndProject
Project("{8BC9CEB8-8B4A-11D0-8D11-00A0C91BC942}") = "test_integration", "test_integration.vcxproj", "{E7D57E9B-6CA5-3AF9-8376-5D1684BF2F73}"
	ProjectSection(ProjectDependencies) = postProject
		{203F6A7C-5137-3782-A159-581890A64A1A} = {203F6A7C-5137-3782-A159-581890A64A1A}
	EndProjectSection
EndProject
Project("{8BC9CEB8-8B4A-11D0-8D11-00A0C91BC942}") = "test_memory_leak", "test_memory_leak.vcxproj", "{0BAFE46F-BCF0-3CD7-8E51-07CD536CE93E}"
	ProjectSection(ProjectDependencies) = postProject
		{203F6A7C-5137-3782-A159-581890A64A1A} = {203F6A7C-5137-3782-A159-581890A64A1A}
	EndProjectSection
EndProject
Project("{8BC9CEB8-8B4A-11D0-8D11-00A0C91BC942}") = "test_unit", "test_unit.vcxproj", "{93C50DCC-2B60-377C-9F6C-95F2179CC402}"
	ProjectSection(ProjectDependencies) = postProject
		{203F6A7C-5137-3782-A159-581890A64A1A} = {203F6A7C-5137-3782-A159-581890A64A1A}
	EndProjectSection
EndProject
Project("{8BC9CEB8-8B4A-11D0-8D11-00A0C91BC942}") = "ui", "ui.vcxproj", "{6F1DC9F6-465D-3DC4-A4AF-E52519D956A6}"
	ProjectSection(ProjectDependencies) = postProject
		{203F6A7C-5137-3782-A159-581890A64A1A} = {203F6A7C-5137-3782-A159-581890A64A1A}
		{E42F5B37-1EA1-3D73-ADBF-B6125C2BAD55} = {E42F5B37-1EA1-3D73-ADBF-B6125C2BAD55}
		{F5DF46C1-C990-33C1-AA9A-2507DC3FB5E3} = {F5DF46C1-C990-33C1-AA9A-2507DC3FB5E3}
	EndProjectSection
EndProject
Project("{8BC9CEB8-8B4A-11D0-8D11-00A0C91BC942}") = "unit_tests", "unit_tests.vcxproj", "{C84DE338-C23E-3825-9A40-7C624FBA360E}"
	ProjectSection(ProjectDependencies) = postProject
		{41F65460-FF42-3CA1-AE47-10A1E78A66FE} = {41F65460-FF42-3CA1-AE47-10A1E78A66FE}
		{203F6A7C-5137-3782-A159-581890A64A1A} = {203F6A7C-5137-3782-A159-581890A64A1A}
		{974C017C-8C9C-3091-A7A9-C79B21A9BD45} = {974C017C-8C9C-3091-A7A9-C79B21A9BD45}
		{E42F5B37-1EA1-3D73-ADBF-B6125C2BAD55} = {E42F5B37-1EA1-3D73-ADBF-B6125C2BAD55}
		{30D70843-9EF8-314B-8669-DDAACF0B40DF} = {30D70843-9EF8-314B-8669-DDAACF0B40DF}
		{8C86A5C8-F398-3F53-97EC-FD231B799F0B} = {8C86A5C8-F398-3F53-97EC-FD231B799F0B}
		{F5DF46C1-C990-33C1-AA9A-2507DC3FB5E3} = {F5DF46C1-C990-33C1-AA9A-2507DC3FB5E3}
		{6F1DC9F6-465D-3DC4-A4AF-E52519D956A6} = {6F1DC9F6-465D-3DC4-A4AF-E52519D956A6}
		{E871A48B-4848-3DF8-9737-B27D89508309} = {E871A48B-4848-3DF8-9737-B27D89508309}
		{E73A00DB-789B-36F6-B2DE-8AD4936552B4} = {E73A00DB-789B-36F6-B2DE-8AD4936552B4}
		{B3988A96-0BAF-3A9A-B2A1-5B5EA7632189} = {B3988A96-0BAF-3A9A-B2A1-5B5EA7632189}
		{A6DE9CCA-BF72-325F-8D82-4218DD8A8404} = {A6DE9CCA-BF72-325F-8D82-4218DD8A8404}
		{2BD6CC44-9278-33F5-A840-57020B230594} = {2BD6CC44-9278-33F5-A840-57020B230594}
	EndProjectSection
EndProject
Project("{8BC9CEB8-8B4A-11D0-8D11-00A0C91BC942}") = "utilities", "utilities.vcxproj", "{E871A48B-4848-3DF8-9737-B27D89508309}"
	ProjectSection(ProjectDependencies) = postProject
		{203F6A7C-5137-3782-A159-581890A64A1A} = {203F6A7C-5137-3782-A159-581890A64A1A}
	EndProjectSection
EndProject
Project("{8BC9CEB8-8B4A-11D0-8D11-00A0C91BC942}") = "validate_shaders", "validate_shaders.vcxproj", "{9E7C085F-82AB-3388-B33B-FB34B7E91A2A}"
	ProjectSection(ProjectDependencies) = postProject
		{203F6A7C-5137-3782-A159-581890A64A1A} = {203F6A7C-5137-3782-A159-581890A64A1A}
		{87DDF02E-3FC2-346D-A46B-99C411332A37} = {87DDF02E-3FC2-346D-A46B-99C411332A37}
	EndProjectSection
EndProject
Project("{8BC9CEB8-8B4A-11D0-8D11-00A0C91BC942}") = "vulkan_compute", "vulkan_compute.vcxproj", "{E73A00DB-789B-36F6-B2DE-8AD4936552B4}"
	ProjectSection(ProjectDependencies) = postProject
		{203F6A7C-5137-3782-A159-581890A64A1A} = {203F6A7C-5137-3782-A159-581890A64A1A}
		{E42F5B37-1EA1-3D73-ADBF-B6125C2BAD55} = {E42F5B37-1EA1-3D73-ADBF-B6125C2BAD55}
		{30D70843-9EF8-314B-8669-DDAACF0B40DF} = {30D70843-9EF8-314B-8669-DDAACF0B40DF}
		{8C86A5C8-F398-3F53-97EC-FD231B799F0B} = {8C86A5C8-F398-3F53-97EC-FD231B799F0B}
	EndProjectSection
EndProject
Project("{8BC9CEB8-8B4A-11D0-8D11-00A0C91BC942}") = "vulkan_rendering", "vulkan_rendering.vcxproj", "{B3988A96-0BAF-3A9A-B2A1-5B5EA7632189}"
	ProjectSection(ProjectDependencies) = postProject
		{203F6A7C-5137-3782-A159-581890A64A1A} = {203F6A7C-5137-3782-A159-581890A64A1A}
		{E42F5B37-1EA1-3D73-ADBF-B6125C2BAD55} = {E42F5B37-1EA1-3D73-ADBF-B6125C2BAD55}
		{F5DF46C1-C990-33C1-AA9A-2507DC3FB5E3} = {F5DF46C1-C990-33C1-AA9A-2507DC3FB5E3}
		{A6DE9CCA-BF72-325F-8D82-4218DD8A8404} = {A6DE9CCA-BF72-325F-8D82-4218DD8A8404}
	EndProjectSection
EndProject
Project("{8BC9CEB8-8B4A-11D0-8D11-00A0C91BC942}") = "vulkan_resources", "vulkan_resources.vcxproj", "{A6DE9CCA-BF72-325F-8D82-4218DD8A8404}"
	ProjectSection(ProjectDependencies) = postProject
		{203F6A7C-5137-3782-A159-581890A64A1A} = {203F6A7C-5137-3782-A159-581890A64A1A}
	EndProjectSection
EndProject
Project("{8BC9CEB8-8B4A-11D0-8D11-00A0C91BC942}") = "vulkan_ui", "vulkan_ui.vcxproj", "{2BD6CC44-9278-33F5-A840-57020B230594}"
	ProjectSection(ProjectDependencies) = postProject
		{203F6A7C-5137-3782-A159-581890A64A1A} = {203F6A7C-5137-3782-A159-581890A64A1A}
	EndProjectSection
EndProject
Global
	GlobalSection(SolutionConfigurationPlatforms) = preSolution
		Debug|x64 = Debug|x64
		Release|x64 = Release|x64
		MinSizeRel|x64 = MinSizeRel|x64
		RelWithDebInfo|x64 = RelWithDebInfo|x64
	EndGlobalSection
	GlobalSection(ProjectConfigurationPlatforms) = postSolution
		{44B79BAA-32C7-3A9F-9908-AD63E03CA12F}.Debug|x64.ActiveCfg = Debug|x64
		{44B79BAA-32C7-3A9F-9908-AD63E03CA12F}.Release|x64.ActiveCfg = Release|x64
		{44B79BAA-32C7-3A9F-9908-AD63E03CA12F}.MinSizeRel|x64.ActiveCfg = MinSizeRel|x64
		{44B79BAA-32C7-3A9F-9908-AD63E03CA12F}.RelWithDebInfo|x64.ActiveCfg = RelWithDebInfo|x64
		{CB9C7C60-9E6E-3271-BE67-332D6F0704D5}.Debug|x64.ActiveCfg = Debug|x64
		{CB9C7C60-9E6E-3271-BE67-332D6F0704D5}.Debug|x64.Build.0 = Debug|x64
		{CB9C7C60-9E6E-3271-BE67-332D6F0704D5}.Release|x64.ActiveCfg = Release|x64
		{CB9C7C60-9E6E-3271-BE67-332D6F0704D5}.Release|x64.Build.0 = Release|x64
		{CB9C7C60-9E6E-3271-BE67-332D6F0704D5}.MinSizeRel|x64.ActiveCfg = MinSizeRel|x64
		{CB9C7C60-9E6E-3271-BE67-332D6F0704D5}.MinSizeRel|x64.Build.0 = MinSizeRel|x64
		{CB9C7C60-9E6E-3271-BE67-332D6F0704D5}.RelWithDebInfo|x64.ActiveCfg = RelWithDebInfo|x64
		{CB9C7C60-9E6E-3271-BE67-332D6F0704D5}.RelWithDebInfo|x64.Build.0 = RelWithDebInfo|x64
		{41F65460-FF42-3CA1-AE47-10A1E78A66FE}.Debug|x64.ActiveCfg = Debug|x64
		{41F65460-FF42-3CA1-AE47-10A1E78A66FE}.Debug|x64.Build.0 = Debug|x64
		{41F65460-FF42-3CA1-AE47-10A1E78A66FE}.Release|x64.ActiveCfg = Release|x64
		{41F65460-FF42-3CA1-AE47-10A1E78A66FE}.Release|x64.Build.0 = Release|x64
		{41F65460-FF42-3CA1-AE47-10A1E78A66FE}.MinSizeRel|x64.ActiveCfg = MinSizeRel|x64
		{41F65460-FF42-3CA1-AE47-10A1E78A66FE}.MinSizeRel|x64.Build.0 = MinSizeRel|x64
		{41F65460-FF42-3CA1-AE47-10A1E78A66FE}.RelWithDebInfo|x64.ActiveCfg = RelWithDebInfo|x64
		{41F65460-FF42-3CA1-AE47-10A1E78A66FE}.RelWithDebInfo|x64.Build.0 = RelWithDebInfo|x64
		{C20F10F9-E2E0-3BEE-A731-C4A3DE9B7F85}.Debug|x64.ActiveCfg = Debug|x64
		{C20F10F9-E2E0-3BEE-A731-C4A3DE9B7F85}.Debug|x64.Build.0 = Debug|x64
		{C20F10F9-E2E0-3BEE-A731-C4A3DE9B7F85}.Release|x64.ActiveCfg = Release|x64
		{C20F10F9-E2E0-3BEE-A731-C4A3DE9B7F85}.Release|x64.Build.0 = Release|x64
		{C20F10F9-E2E0-3BEE-A731-C4A3DE9B7F85}.MinSizeRel|x64.ActiveCfg = MinSizeRel|x64
		{C20F10F9-E2E0-3BEE-A731-C4A3DE9B7F85}.MinSizeRel|x64.Build.0 = MinSizeRel|x64
		{C20F10F9-E2E0-3BEE-A731-C4A3DE9B7F85}.RelWithDebInfo|x64.ActiveCfg = RelWithDebInfo|x64
		{C20F10F9-E2E0-3BEE-A731-C4A3DE9B7F85}.RelWithDebInfo|x64.Build.0 = RelWithDebInfo|x64
		{004BFD08-F4C5-3458-8B1C-C187277C9CEC}.Debug|x64.ActiveCfg = Debug|x64
		{004BFD08-F4C5-3458-8B1C-C187277C9CEC}.Release|x64.ActiveCfg = Release|x64
		{004BFD08-F4C5-3458-8B1C-C187277C9CEC}.MinSizeRel|x64.ActiveCfg = MinSizeRel|x64
		{004BFD08-F4C5-3458-8B1C-C187277C9CEC}.RelWithDebInfo|x64.ActiveCfg = RelWithDebInfo|x64
		{F3721DE1-3168-3088-96EC-4CED964998A5}.Debug|x64.ActiveCfg = Debug|x64
		{F3721DE1-3168-3088-96EC-4CED964998A5}.Release|x64.ActiveCfg = Release|x64
		{F3721DE1-3168-3088-96EC-4CED964998A5}.MinSizeRel|x64.ActiveCfg = MinSizeRel|x64
		{F3721DE1-3168-3088-96EC-4CED964998A5}.RelWithDebInfo|x64.ActiveCfg = RelWithDebInfo|x64
		{5657D171-E954-37CB-B8DE-C4C842EF4BC5}.Debug|x64.ActiveCfg = Debug|x64
		{5657D171-E954-37CB-B8DE-C4C842EF4BC5}.Release|x64.ActiveCfg = Release|x64
		{5657D171-E954-37CB-B8DE-C4C842EF4BC5}.MinSizeRel|x64.ActiveCfg = MinSizeRel|x64
		{5657D171-E954-37CB-B8DE-C4C842EF4BC5}.RelWithDebInfo|x64.ActiveCfg = RelWithDebInfo|x64
		{29A3F902-C918-3750-89D1-25636DA36A04}.Debug|x64.ActiveCfg = Debug|x64
		{29A3F902-C918-3750-89D1-25636DA36A04}.Release|x64.ActiveCfg = Release|x64
		{29A3F902-C918-3750-89D1-25636DA36A04}.MinSizeRel|x64.ActiveCfg = MinSizeRel|x64
		{29A3F902-C918-3750-89D1-25636DA36A04}.RelWithDebInfo|x64.ActiveCfg = RelWithDebInfo|x64
		{50BE7E8A-0DC9-3769-BE36-9BB231654F53}.Debug|x64.ActiveCfg = Debug|x64
		{50BE7E8A-0DC9-3769-BE36-9BB231654F53}.Release|x64.ActiveCfg = Release|x64
		{50BE7E8A-0DC9-3769-BE36-9BB231654F53}.MinSizeRel|x64.ActiveCfg = MinSizeRel|x64
		{50BE7E8A-0DC9-3769-BE36-9BB231654F53}.RelWithDebInfo|x64.ActiveCfg = RelWithDebInfo|x64
		{203F6A7C-5137-3782-A159-581890A64A1A}.Debug|x64.ActiveCfg = Debug|x64
		{203F6A7C-5137-3782-A159-581890A64A1A}.Debug|x64.Build.0 = Debug|x64
		{203F6A7C-5137-3782-A159-581890A64A1A}.Release|x64.ActiveCfg = Release|x64
		{203F6A7C-5137-3782-A159-581890A64A1A}.Release|x64.Build.0 = Release|x64
		{203F6A7C-5137-3782-A159-581890A64A1A}.MinSizeRel|x64.ActiveCfg = MinSizeRel|x64
		{203F6A7C-5137-3782-A159-581890A64A1A}.MinSizeRel|x64.Build.0 = MinSizeRel|x64
		{203F6A7C-5137-3782-A159-581890A64A1A}.RelWithDebInfo|x64.ActiveCfg = RelWithDebInfo|x64
		{203F6A7C-5137-3782-A159-581890A64A1A}.RelWithDebInfo|x64.Build.0 = RelWithDebInfo|x64
		{6E47D5E1-2436-3DA0-881B-685F16AB8CED}.Debug|x64.ActiveCfg = Debug|x64
		{6E47D5E1-2436-3DA0-881B-685F16AB8CED}.Debug|x64.Build.0 = Debug|x64
		{6E47D5E1-2436-3DA0-881B-685F16AB8CED}.Release|x64.ActiveCfg = Release|x64
		{6E47D5E1-2436-3DA0-881B-685F16AB8CED}.Release|x64.Build.0 = Release|x64
		{6E47D5E1-2436-3DA0-881B-685F16AB8CED}.MinSizeRel|x64.ActiveCfg = MinSizeRel|x64
		{6E47D5E1-2436-3DA0-881B-685F16AB8CED}.MinSizeRel|x64.Build.0 = MinSizeRel|x64
		{6E47D5E1-2436-3DA0-881B-685F16AB8CED}.RelWithDebInfo|x64.ActiveCfg = RelWithDebInfo|x64
		{6E47D5E1-2436-3DA0-881B-685F16AB8CED}.RelWithDebInfo|x64.Build.0 = RelWithDebInfo|x64
		{974C017C-8C9C-3091-A7A9-C79B21A9BD45}.Debug|x64.ActiveCfg = Debug|x64
		{974C017C-8C9C-3091-A7A9-C79B21A9BD45}.Debug|x64.Build.0 = Debug|x64
		{974C017C-8C9C-3091-A7A9-C79B21A9BD45}.Release|x64.ActiveCfg = Release|x64
		{974C017C-8C9C-3091-A7A9-C79B21A9BD45}.Release|x64.Build.0 = Release|x64
		{974C017C-8C9C-3091-A7A9-C79B21A9BD45}.MinSizeRel|x64.ActiveCfg = MinSizeRel|x64
		{974C017C-8C9C-3091-A7A9-C79B21A9BD45}.MinSizeRel|x64.Build.0 = MinSizeRel|x64
		{974C017C-8C9C-3091-A7A9-C79B21A9BD45}.RelWithDebInfo|x64.ActiveCfg = RelWithDebInfo|x64
		{974C017C-8C9C-3091-A7A9-C79B21A9BD45}.RelWithDebInfo|x64.Build.0 = RelWithDebInfo|x64
		{42FD1EFA-5242-3CBF-82F2-9575183891A1}.Debug|x64.ActiveCfg = Debug|x64
		{42FD1EFA-5242-3CBF-82F2-9575183891A1}.Release|x64.ActiveCfg = Release|x64
		{42FD1EFA-5242-3CBF-82F2-9575183891A1}.MinSizeRel|x64.ActiveCfg = MinSizeRel|x64
		{42FD1EFA-5242-3CBF-82F2-9575183891A1}.RelWithDebInfo|x64.ActiveCfg = RelWithDebInfo|x64
		{87DDF02E-3FC2-346D-A46B-99C411332A37}.Debug|x64.ActiveCfg = Debug|x64
		{87DDF02E-3FC2-346D-A46B-99C411332A37}.Debug|x64.Build.0 = Debug|x64
		{87DDF02E-3FC2-346D-A46B-99C411332A37}.Release|x64.ActiveCfg = Release|x64
		{87DDF02E-3FC2-346D-A46B-99C411332A37}.Release|x64.Build.0 = Release|x64
		{87DDF02E-3FC2-346D-A46B-99C411332A37}.MinSizeRel|x64.ActiveCfg = MinSizeRel|x64
		{87DDF02E-3FC2-346D-A46B-99C411332A37}.MinSizeRel|x64.Build.0 = MinSizeRel|x64
		{87DDF02E-3FC2-346D-A46B-99C411332A37}.RelWithDebInfo|x64.ActiveCfg = RelWithDebInfo|x64
		{87DDF02E-3FC2-346D-A46B-99C411332A37}.RelWithDebInfo|x64.Build.0 = RelWithDebInfo|x64
		{FA770EE1-DDA2-3C3D-BA63-3E79FD9BDBD5}.Debug|x64.ActiveCfg = Debug|x64
		{FA770EE1-DDA2-3C3D-BA63-3E79FD9BDBD5}.Debug|x64.Build.0 = Debug|x64
		{FA770EE1-DDA2-3C3D-BA63-3E79FD9BDBD5}.Release|x64.ActiveCfg = Release|x64
		{FA770EE1-DDA2-3C3D-BA63-3E79FD9BDBD5}.Release|x64.Build.0 = Release|x64
		{FA770EE1-DDA2-3C3D-BA63-3E79FD9BDBD5}.MinSizeRel|x64.ActiveCfg = MinSizeRel|x64
		{FA770EE1-DDA2-3C3D-BA63-3E79FD9BDBD5}.MinSizeRel|x64.Build.0 = MinSizeRel|x64
		{FA770EE1-DDA2-3C3D-BA63-3E79FD9BDBD5}.RelWithDebInfo|x64.ActiveCfg = RelWithDebInfo|x64
		{FA770EE1-DDA2-3C3D-BA63-3E79FD9BDBD5}.RelWithDebInfo|x64.Build.0 = RelWithDebInfo|x64
		{E42F5B37-1EA1-3D73-ADBF-B6125C2BAD55}.Debug|x64.ActiveCfg = Debug|x64
		{E42F5B37-1EA1-3D73-ADBF-B6125C2BAD55}.Debug|x64.Build.0 = Debug|x64
		{E42F5B37-1EA1-3D73-ADBF-B6125C2BAD55}.Release|x64.ActiveCfg = Release|x64
		{E42F5B37-1EA1-3D73-ADBF-B6125C2BAD55}.Release|x64.Build.0 = Release|x64
		{E42F5B37-1EA1-3D73-ADBF-B6125C2BAD55}.MinSizeRel|x64.ActiveCfg = MinSizeRel|x64
		{E42F5B37-1EA1-3D73-ADBF-B6125C2BAD55}.MinSizeRel|x64.Build.0 = MinSizeRel|x64
		{E42F5B37-1EA1-3D73-ADBF-B6125C2BAD55}.RelWithDebInfo|x64.ActiveCfg = RelWithDebInfo|x64
		{E42F5B37-1EA1-3D73-ADBF-B6125C2BAD55}.RelWithDebInfo|x64.Build.0 = RelWithDebInfo|x64
		{8BE9D228-7FEE-3675-9838-6ED8B28D1F23}.Debug|x64.ActiveCfg = Debug|x64
		{8BE9D228-7FEE-3675-9838-6ED8B28D1F23}.Release|x64.ActiveCfg = Release|x64
		{8BE9D228-7FEE-3675-9838-6ED8B28D1F23}.MinSizeRel|x64.ActiveCfg = MinSizeRel|x64
		{8BE9D228-7FEE-3675-9838-6ED8B28D1F23}.RelWithDebInfo|x64.ActiveCfg = RelWithDebInfo|x64
		{B9FFD2F6-8B17-3E51-9401-DE25732C6B8A}.Debug|x64.ActiveCfg = Debug|x64
		{B9FFD2F6-8B17-3E51-9401-DE25732C6B8A}.Release|x64.ActiveCfg = Release|x64
		{B9FFD2F6-8B17-3E51-9401-DE25732C6B8A}.MinSizeRel|x64.ActiveCfg = MinSizeRel|x64
		{B9FFD2F6-8B17-3E51-9401-DE25732C6B8A}.RelWithDebInfo|x64.ActiveCfg = RelWithDebInfo|x64
		{30D70843-9EF8-314B-8669-DDAACF0B40DF}.Debug|x64.ActiveCfg = Debug|x64
		{30D70843-9EF8-314B-8669-DDAACF0B40DF}.Debug|x64.Build.0 = Debug|x64
		{30D70843-9EF8-314B-8669-DDAACF0B40DF}.Release|x64.ActiveCfg = Release|x64
		{30D70843-9EF8-314B-8669-DDAACF0B40DF}.Release|x64.Build.0 = Release|x64
		{30D70843-9EF8-314B-8669-DDAACF0B40DF}.MinSizeRel|x64.ActiveCfg = MinSizeRel|x64
		{30D70843-9EF8-314B-8669-DDAACF0B40DF}.MinSizeRel|x64.Build.0 = MinSizeRel|x64
		{30D70843-9EF8-314B-8669-DDAACF0B40DF}.RelWithDebInfo|x64.ActiveCfg = RelWithDebInfo|x64
		{30D70843-9EF8-314B-8669-DDAACF0B40DF}.RelWithDebInfo|x64.Build.0 = RelWithDebInfo|x64
		{EF94136E-DF52-302E-BCB1-B96C76F00AAF}.Debug|x64.ActiveCfg = Debug|x64
		{EF94136E-DF52-302E-BCB1-B96C76F00AAF}.Debug|x64.Build.0 = Debug|x64
		{EF94136E-DF52-302E-BCB1-B96C76F00AAF}.Release|x64.ActiveCfg = Release|x64
		{EF94136E-DF52-302E-BCB1-B96C76F00AAF}.Release|x64.Build.0 = Release|x64
		{EF94136E-DF52-302E-BCB1-B96C76F00AAF}.MinSizeRel|x64.ActiveCfg = MinSizeRel|x64
		{EF94136E-DF52-302E-BCB1-B96C76F00AAF}.MinSizeRel|x64.Build.0 = MinSizeRel|x64
		{EF94136E-DF52-302E-BCB1-B96C76F00AAF}.RelWithDebInfo|x64.ActiveCfg = RelWithDebInfo|x64
		{EF94136E-DF52-302E-BCB1-B96C76F00AAF}.RelWithDebInfo|x64.Build.0 = RelWithDebInfo|x64
		{ABDB61EC-242B-3C8F-9C1D-94EDC1CB0341}.Debug|x64.ActiveCfg = Debug|x64
		{ABDB61EC-242B-3C8F-9C1D-94EDC1CB0341}.Debug|x64.Build.0 = Debug|x64
		{ABDB61EC-242B-3C8F-9C1D-94EDC1CB0341}.Release|x64.ActiveCfg = Release|x64
		{ABDB61EC-242B-3C8F-9C1D-94EDC1CB0341}.Release|x64.Build.0 = Release|x64
		{ABDB61EC-242B-3C8F-9C1D-94EDC1CB0341}.MinSizeRel|x64.ActiveCfg = MinSizeRel|x64
		{ABDB61EC-242B-3C8F-9C1D-94EDC1CB0341}.MinSizeRel|x64.Build.0 = MinSizeRel|x64
		{ABDB61EC-242B-3C8F-9C1D-94EDC1CB0341}.RelWithDebInfo|x64.ActiveCfg = RelWithDebInfo|x64
		{ABDB61EC-242B-3C8F-9C1D-94EDC1CB0341}.RelWithDebInfo|x64.Build.0 = RelWithDebInfo|x64
		{8C86A5C8-F398-3F53-97EC-FD231B799F0B}.Debug|x64.ActiveCfg = Debug|x64
		{8C86A5C8-F398-3F53-97EC-FD231B799F0B}.Debug|x64.Build.0 = Debug|x64
		{8C86A5C8-F398-3F53-97EC-FD231B799F0B}.Release|x64.ActiveCfg = Release|x64
		{8C86A5C8-F398-3F53-97EC-FD231B799F0B}.Release|x64.Build.0 = Release|x64
		{8C86A5C8-F398-3F53-97EC-FD231B799F0B}.MinSizeRel|x64.ActiveCfg = MinSizeRel|x64
		{8C86A5C8-F398-3F53-97EC-FD231B799F0B}.MinSizeRel|x64.Build.0 = MinSizeRel|x64
		{8C86A5C8-F398-3F53-97EC-FD231B799F0B}.RelWithDebInfo|x64.ActiveCfg = RelWithDebInfo|x64
		{8C86A5C8-F398-3F53-97EC-FD231B799F0B}.RelWithDebInfo|x64.Build.0 = RelWithDebInfo|x64
		{9CDB52FB-7555-3EB6-A2C1-D8ECEAF21EB1}.Debug|x64.ActiveCfg = Debug|x64
		{9CDB52FB-7555-3EB6-A2C1-D8ECEAF21EB1}.Debug|x64.Build.0 = Debug|x64
		{9CDB52FB-7555-3EB6-A2C1-D8ECEAF21EB1}.Release|x64.ActiveCfg = Release|x64
		{9CDB52FB-7555-3EB6-A2C1-D8ECEAF21EB1}.Release|x64.Build.0 = Release|x64
		{9CDB52FB-7555-3EB6-A2C1-D8ECEAF21EB1}.MinSizeRel|x64.ActiveCfg = MinSizeRel|x64
		{9CDB52FB-7555-3EB6-A2C1-D8ECEAF21EB1}.MinSizeRel|x64.Build.0 = MinSizeRel|x64
		{9CDB52FB-7555-3EB6-A2C1-D8ECEAF21EB1}.RelWithDebInfo|x64.ActiveCfg = RelWithDebInfo|x64
		{9CDB52FB-7555-3EB6-A2C1-D8ECEAF21EB1}.RelWithDebInfo|x64.Build.0 = RelWithDebInfo|x64
		{BEC6F7B6-DFF9-3F83-A389-2F4CD9E5F49C}.Debug|x64.ActiveCfg = Debug|x64
		{BEC6F7B6-DFF9-3F83-A389-2F4CD9E5F49C}.Debug|x64.Build.0 = Debug|x64
		{BEC6F7B6-DFF9-3F83-A389-2F4CD9E5F49C}.Release|x64.ActiveCfg = Release|x64
		{BEC6F7B6-DFF9-3F83-A389-2F4CD9E5F49C}.Release|x64.Build.0 = Release|x64
		{BEC6F7B6-DFF9-3F83-A389-2F4CD9E5F49C}.MinSizeRel|x64.ActiveCfg = MinSizeRel|x64
		{BEC6F7B6-DFF9-3F83-A389-2F4CD9E5F49C}.MinSizeRel|x64.Build.0 = MinSizeRel|x64
		{BEC6F7B6-DFF9-3F83-A389-2F4CD9E5F49C}.RelWithDebInfo|x64.ActiveCfg = RelWithDebInfo|x64
		{BEC6F7B6-DFF9-3F83-A389-2F4CD9E5F49C}.RelWithDebInfo|x64.Build.0 = RelWithDebInfo|x64
		{BD5675B6-A7EA-3849-8272-EE845153794E}.Debug|x64.ActiveCfg = Debug|x64
		{BD5675B6-A7EA-3849-8272-EE845153794E}.Release|x64.ActiveCfg = Release|x64
		{BD5675B6-A7EA-3849-8272-EE845153794E}.MinSizeRel|x64.ActiveCfg = MinSizeRel|x64
		{BD5675B6-A7EA-3849-8272-EE845153794E}.RelWithDebInfo|x64.ActiveCfg = RelWithDebInfo|x64
		{853CF0C6-E794-32D0-BDDE-4C45B819C02A}.Debug|x64.ActiveCfg = Debug|x64
		{853CF0C6-E794-32D0-BDDE-4C45B819C02A}.Release|x64.ActiveCfg = Release|x64
		{853CF0C6-E794-32D0-BDDE-4C45B819C02A}.MinSizeRel|x64.ActiveCfg = MinSizeRel|x64
		{853CF0C6-E794-32D0-BDDE-4C45B819C02A}.RelWithDebInfo|x64.ActiveCfg = RelWithDebInfo|x64
		{F5DF46C1-C990-33C1-AA9A-2507DC3FB5E3}.Debug|x64.ActiveCfg = Debug|x64
		{F5DF46C1-C990-33C1-AA9A-2507DC3FB5E3}.Debug|x64.Build.0 = Debug|x64
		{F5DF46C1-C990-33C1-AA9A-2507DC3FB5E3}.Release|x64.ActiveCfg = Release|x64
		{F5DF46C1-C990-33C1-AA9A-2507DC3FB5E3}.Release|x64.Build.0 = Release|x64
		{F5DF46C1-C990-33C1-AA9A-2507DC3FB5E3}.MinSizeRel|x64.ActiveCfg = MinSizeRel|x64
		{F5DF46C1-C990-33C1-AA9A-2507DC3FB5E3}.MinSizeRel|x64.Build.0 = MinSizeRel|x64
		{F5DF46C1-C990-33C1-AA9A-2507DC3FB5E3}.RelWithDebInfo|x64.ActiveCfg = RelWithDebInfo|x64
		{F5DF46C1-C990-33C1-AA9A-2507DC3FB5E3}.RelWithDebInfo|x64.Build.0 = RelWithDebInfo|x64
		{924719D5-EE7F-3D47-A6AC-4D899B83A4C8}.Debug|x64.ActiveCfg = Debug|x64
		{924719D5-EE7F-3D47-A6AC-4D899B83A4C8}.Release|x64.ActiveCfg = Release|x64
		{924719D5-EE7F-3D47-A6AC-4D899B83A4C8}.MinSizeRel|x64.ActiveCfg = MinSizeRel|x64
		{924719D5-EE7F-3D47-A6AC-4D899B83A4C8}.RelWithDebInfo|x64.ActiveCfg = RelWithDebInfo|x64
		{F88207A2-8324-3B62-8D54-3AE173C9596E}.Debug|x64.ActiveCfg = Debug|x64
		{F88207A2-8324-3B62-8D54-3AE173C9596E}.Release|x64.ActiveCfg = Release|x64
		{F88207A2-8324-3B62-8D54-3AE173C9596E}.MinSizeRel|x64.ActiveCfg = MinSizeRel|x64
		{F88207A2-8324-3B62-8D54-3AE173C9596E}.RelWithDebInfo|x64.ActiveCfg = RelWithDebInfo|x64
		{D0480892-9078-30C8-9694-16E11CA95A03}.Debug|x64.ActiveCfg = Debug|x64
		{D0480892-9078-30C8-9694-16E11CA95A03}.Release|x64.ActiveCfg = Release|x64
		{D0480892-9078-30C8-9694-16E11CA95A03}.MinSizeRel|x64.ActiveCfg = MinSizeRel|x64
		{D0480892-9078-30C8-9694-16E11CA95A03}.RelWithDebInfo|x64.ActiveCfg = RelWithDebInfo|x64
		{38EC8E68-719C-3378-BBFF-FFD94A43520B}.Debug|x64.ActiveCfg = Debug|x64
		{38EC8E68-719C-3378-BBFF-FFD94A43520B}.Release|x64.ActiveCfg = Release|x64
		{38EC8E68-719C-3378-BBFF-FFD94A43520B}.MinSizeRel|x64.ActiveCfg = MinSizeRel|x64
		{38EC8E68-719C-3378-BBFF-FFD94A43520B}.RelWithDebInfo|x64.ActiveCfg = RelWithDebInfo|x64
		{39719041-2940-363C-BA1D-082B14BAF640}.Debug|x64.ActiveCfg = Debug|x64
		{39719041-2940-363C-BA1D-082B14BAF640}.Release|x64.ActiveCfg = Release|x64
		{39719041-2940-363C-BA1D-082B14BAF640}.MinSizeRel|x64.ActiveCfg = MinSizeRel|x64
		{39719041-2940-363C-BA1D-082B14BAF640}.RelWithDebInfo|x64.ActiveCfg = RelWithDebInfo|x64
		{E7D57E9B-6CA5-3AF9-8376-5D1684BF2F73}.Debug|x64.ActiveCfg = Debug|x64
		{E7D57E9B-6CA5-3AF9-8376-5D1684BF2F73}.Release|x64.ActiveCfg = Release|x64
		{E7D57E9B-6CA5-3AF9-8376-5D1684BF2F73}.MinSizeRel|x64.ActiveCfg = MinSizeRel|x64
		{E7D57E9B-6CA5-3AF9-8376-5D1684BF2F73}.RelWithDebInfo|x64.ActiveCfg = RelWithDebInfo|x64
		{0BAFE46F-BCF0-3CD7-8E51-07CD536CE93E}.Debug|x64.ActiveCfg = Debug|x64
		{0BAFE46F-BCF0-3CD7-8E51-07CD536CE93E}.Release|x64.ActiveCfg = Release|x64
		{0BAFE46F-BCF0-3CD7-8E51-07CD536CE93E}.MinSizeRel|x64.ActiveCfg = MinSizeRel|x64
		{0BAFE46F-BCF0-3CD7-8E51-07CD536CE93E}.RelWithDebInfo|x64.ActiveCfg = RelWithDebInfo|x64
		{93C50DCC-2B60-377C-9F6C-95F2179CC402}.Debug|x64.ActiveCfg = Debug|x64
		{93C50DCC-2B60-377C-9F6C-95F2179CC402}.Release|x64.ActiveCfg = Release|x64
		{93C50DCC-2B60-377C-9F6C-95F2179CC402}.MinSizeRel|x64.ActiveCfg = MinSizeRel|x64
		{93C50DCC-2B60-377C-9F6C-95F2179CC402}.RelWithDebInfo|x64.ActiveCfg = RelWithDebInfo|x64
		{6F1DC9F6-465D-3DC4-A4AF-E52519D956A6}.Debug|x64.ActiveCfg = Debug|x64
		{6F1DC9F6-465D-3DC4-A4AF-E52519D956A6}.Debug|x64.Build.0 = Debug|x64
		{6F1DC9F6-465D-3DC4-A4AF-E52519D956A6}.Release|x64.ActiveCfg = Release|x64
		{6F1DC9F6-465D-3DC4-A4AF-E52519D956A6}.Release|x64.Build.0 = Release|x64
		{6F1DC9F6-465D-3DC4-A4AF-E52519D956A6}.MinSizeRel|x64.ActiveCfg = MinSizeRel|x64
		{6F1DC9F6-465D-3DC4-A4AF-E52519D956A6}.MinSizeRel|x64.Build.0 = MinSizeRel|x64
		{6F1DC9F6-465D-3DC4-A4AF-E52519D956A6}.RelWithDebInfo|x64.ActiveCfg = RelWithDebInfo|x64
		{6F1DC9F6-465D-3DC4-A4AF-E52519D956A6}.RelWithDebInfo|x64.Build.0 = RelWithDebInfo|x64
		{C84DE338-C23E-3825-9A40-7C624FBA360E}.Debug|x64.ActiveCfg = Debug|x64
		{C84DE338-C23E-3825-9A40-7C624FBA360E}.Debug|x64.Build.0 = Debug|x64
		{C84DE338-C23E-3825-9A40-7C624FBA360E}.Release|x64.ActiveCfg = Release|x64
		{C84DE338-C23E-3825-9A40-7C624FBA360E}.Release|x64.Build.0 = Release|x64
		{C84DE338-C23E-3825-9A40-7C624FBA360E}.MinSizeRel|x64.ActiveCfg = MinSizeRel|x64
		{C84DE338-C23E-3825-9A40-7C624FBA360E}.MinSizeRel|x64.Build.0 = MinSizeRel|x64
		{C84DE338-C23E-3825-9A40-7C624FBA360E}.RelWithDebInfo|x64.ActiveCfg = RelWithDebInfo|x64
		{C84DE338-C23E-3825-9A40-7C624FBA360E}.RelWithDebInfo|x64.Build.0 = RelWithDebInfo|x64
		{E871A48B-4848-3DF8-9737-B27D89508309}.Debug|x64.ActiveCfg = Debug|x64
		{E871A48B-4848-3DF8-9737-B27D89508309}.Debug|x64.Build.0 = Debug|x64
		{E871A48B-4848-3DF8-9737-B27D89508309}.Release|x64.ActiveCfg = Release|x64
		{E871A48B-4848-3DF8-9737-B27D89508309}.Release|x64.Build.0 = Release|x64
		{E871A48B-4848-3DF8-9737-B27D89508309}.MinSizeRel|x64.ActiveCfg = MinSizeRel|x64
		{E871A48B-4848-3DF8-9737-B27D89508309}.MinSizeRel|x64.Build.0 = MinSizeRel|x64
		{E871A48B-4848-3DF8-9737-B27D89508309}.RelWithDebInfo|x64.ActiveCfg = RelWithDebInfo|x64
		{E871A48B-4848-3DF8-9737-B27D89508309}.RelWithDebInfo|x64.Build.0 = RelWithDebInfo|x64
		{9E7C085F-82AB-3388-B33B-FB34B7E91A2A}.Debug|x64.ActiveCfg = Debug|x64
		{9E7C085F-82AB-3388-B33B-FB34B7E91A2A}.Release|x64.ActiveCfg = Release|x64
		{9E7C085F-82AB-3388-B33B-FB34B7E91A2A}.MinSizeRel|x64.ActiveCfg = MinSizeRel|x64
		{9E7C085F-82AB-3388-B33B-FB34B7E91A2A}.RelWithDebInfo|x64.ActiveCfg = RelWithDebInfo|x64
		{E73A00DB-789B-36F6-B2DE-8AD4936552B4}.Debug|x64.ActiveCfg = Debug|x64
		{E73A00DB-789B-36F6-B2DE-8AD4936552B4}.Debug|x64.Build.0 = Debug|x64
		{E73A00DB-789B-36F6-B2DE-8AD4936552B4}.Release|x64.ActiveCfg = Release|x64
		{E73A00DB-789B-36F6-B2DE-8AD4936552B4}.Release|x64.Build.0 = Release|x64
		{E73A00DB-789B-36F6-B2DE-8AD4936552B4}.MinSizeRel|x64.ActiveCfg = MinSizeRel|x64
		{E73A00DB-789B-36F6-B2DE-8AD4936552B4}.MinSizeRel|x64.Build.0 = MinSizeRel|x64
		{E73A00DB-789B-36F6-B2DE-8AD4936552B4}.RelWithDebInfo|x64.ActiveCfg = RelWithDebInfo|x64
		{E73A00DB-789B-36F6-B2DE-8AD4936552B4}.RelWithDebInfo|x64.Build.0 = RelWithDebInfo|x64
		{B3988A96-0BAF-3A9A-B2A1-5B5EA7632189}.Debug|x64.ActiveCfg = Debug|x64
		{B3988A96-0BAF-3A9A-B2A1-5B5EA7632189}.Debug|x64.Build.0 = Debug|x64
		{B3988A96-0BAF-3A9A-B2A1-5B5EA7632189}.Release|x64.ActiveCfg = Release|x64
		{B3988A96-0BAF-3A9A-B2A1-5B5EA7632189}.Release|x64.Build.0 = Release|x64
		{B3988A96-0BAF-3A9A-B2A1-5B5EA7632189}.MinSizeRel|x64.ActiveCfg = MinSizeRel|x64
		{B3988A96-0BAF-3A9A-B2A1-5B5EA7632189}.MinSizeRel|x64.Build.0 = MinSizeRel|x64
		{B3988A96-0BAF-3A9A-B2A1-5B5EA7632189}.RelWithDebInfo|x64.ActiveCfg = RelWithDebInfo|x64
		{B3988A96-0BAF-3A9A-B2A1-5B5EA7632189}.RelWithDebInfo|x64.Build.0 = RelWithDebInfo|x64
		{A6DE9CCA-BF72-325F-8D82-4218DD8A8404}.Debug|x64.ActiveCfg = Debug|x64
		{A6DE9CCA-BF72-325F-8D82-4218DD8A8404}.Debug|x64.Build.0 = Debug|x64
		{A6DE9CCA-BF72-325F-8D82-4218DD8A8404}.Release|x64.ActiveCfg = Release|x64
		{A6DE9CCA-BF72-325F-8D82-4218DD8A8404}.Release|x64.Build.0 = Release|x64
		{A6DE9CCA-BF72-325F-8D82-4218DD8A8404}.MinSizeRel|x64.ActiveCfg = MinSizeRel|x64
		{A6DE9CCA-BF72-325F-8D82-4218DD8A8404}.MinSizeRel|x64.Build.0 = MinSizeRel|x64
		{A6DE9CCA-BF72-325F-8D82-4218DD8A8404}.RelWithDebInfo|x64.ActiveCfg = RelWithDebInfo|x64
		{A6DE9CCA-BF72-325F-8D82-4218DD8A8404}.RelWithDebInfo|x64.Build.0 = RelWithDebInfo|x64
		{2BD6CC44-9278-33F5-A840-57020B230594}.Debug|x64.ActiveCfg = Debug|x64
		{2BD6CC44-9278-33F5-A840-57020B230594}.Debug|x64.Build.0 = Debug|x64
		{2BD6CC44-9278-33F5-A840-57020B230594}.Release|x64.ActiveCfg = Release|x64
		{2BD6CC44-9278-33F5-A840-57020B230594}.Release|x64.Build.0 = Release|x64
		{2BD6CC44-9278-33F5-A840-57020B230594}.MinSizeRel|x64.ActiveCfg = MinSizeRel|x64
		{2BD6CC44-9278-33F5-A840-57020B230594}.MinSizeRel|x64.Build.0 = MinSizeRel|x64
		{2BD6CC44-9278-33F5-A840-57020B230594}.RelWithDebInfo|x64.ActiveCfg = RelWithDebInfo|x64
		{2BD6CC44-9278-33F5-A840-57020B230594}.RelWithDebInfo|x64.Build.0 = RelWithDebInfo|x64
	EndGlobalSection
	GlobalSection(ExtensibilityGlobals) = postSolution
		SolutionGuid = {1C35EFB5-72F3-36A4-9DBD-921C1C83978F}
	EndGlobalSection
	GlobalSection(ExtensibilityAddIns) = postSolution
	EndGlobalSection
EndGlobal
