<?xml version="1.0" encoding="utf-8"?>
<Project ToolsVersion="17.0" xmlns="http://schemas.microsoft.com/developer/msbuild/2003">
  <ItemGroup>
    <ClCompile Include="C:\cpp-vulkan-hip-engine\src\VulkanEngine.cpp">
      <Filter>Source Files</Filter>
    </ClCompile>
    <ClCompile Include="C:\cpp-vulkan-hip-engine\src\VulkanContext.cpp">
      <Filter>Source Files</Filter>
    </ClCompile>
    <ClCompile Include="C:\cpp-vulkan-hip-engine\src\DeviceManager.cpp">
      <Filter>Source Files</Filter>
    </ClCompile>
    <ClCompile Include="C:\cpp-vulkan-hip-engine\src\WindowManager.cpp">
      <Filter>Source Files</Filter>
    </ClCompile>
  </ItemGroup>
  <ItemGroup>
    <ClInclude Include="C:\cpp-vulkan-hip-engine\include\VulkanEngine.h">
      <Filter>Header Files</Filter>
    </ClInclude>
    <ClInclude Include="C:\cpp-vulkan-hip-engine\include\VulkanContext.h">
      <Filter>Header Files</Filter>
    </ClInclude>
    <ClInclude Include="C:\cpp-vulkan-hip-engine\include\DeviceManager.h">
      <Filter>Header Files</Filter>
    </ClInclude>
    <ClInclude Include="C:\cpp-vulkan-hip-engine\include\WindowManager.h">
      <Filter>Header Files</Filter>
    </ClInclude>
    <ClInclude Include="C:\cpp-vulkan-hip-engine\include\QueueFamilyIndices.h">
      <Filter>Header Files</Filter>
    </ClInclude>
    <ClInclude Include="C:\cpp-vulkan-hip-engine\include\SwapChainSupportDetails.h">
      <Filter>Header Files</Filter>
    </ClInclude>
    <ClInclude Include="C:\cpp-vulkan-hip-engine\include\VulkanError.h">
      <Filter>Header Files</Filter>
    </ClInclude>
    <ClInclude Include="C:\cpp-vulkan-hip-engine\include\AppState.h">
      <Filter>Header Files</Filter>
    </ClInclude>
  </ItemGroup>
  <ItemGroup>
    <CustomBuild Include="C:\cpp-vulkan-hip-engine\CMakeLists.txt" />
  </ItemGroup>
  <ItemGroup>
    <Natvis Include="C:\cpp-vulkan-hip-engine\build_minimal\vcpkg_installed\x64-windows\share\nlohmann_json\nlohmann_json.natvis" />
  </ItemGroup>
  <ItemGroup>
    <Filter Include="Header Files">
      <UniqueIdentifier>{04CFE314-31F6-3C89-A56F-942A6D0DEECE}</UniqueIdentifier>
    </Filter>
    <Filter Include="Source Files">
      <UniqueIdentifier>{9A951AEA-72B6-3B9F-8C49-5F21DEB73604}</UniqueIdentifier>
    </Filter>
  </ItemGroup>
</Project>
