{
  "nodes": {
    "flake-compat": {
      "flake": false,
      "locked": {
        "lastModified": 1747046372,
        "narHash": "sha256-CIVLLkVgvHYbgI2UpXvIIBJ12HWgX+fjA8Xf8PUmqCY=",
        "owner": "edolstra",
        "repo": "flake-compat",
        "rev": "9100a0f413b0c601e0533d1d94ffd501ce2e7885",
        "type": "github"
      },
      "original": {
        "owner": "edolstra",
        "repo": "flake-compat",
        "type": "github"
      }
    },
    "flake-utils": {
      "inputs": {
        "systems": "systems"
      },
      "locked": {
        "lastModified": 1731533236,
        "narHash": "sha256-l0KFg5HjrsfsO/JpG+r7fRrqm12kzFHyUHqHCVpMMbI=",
        "owner": "numtide",
        "repo": "flake-utils",
        "rev": "11707dc2f618dd54ca8739b309ec4fc024de578b",
        "type": "github"
      },
      "original": {
        "owner": "numtide",
        "repo": "flake-utils",
        "type": "github"
      }
    },
    "glslang": {
      "flake": false,
      "locked": {
        "lastModified": 1750344062,
        "narHash": "sha256-kfboAzNtplxcedYVt2F10Iqfp404amk/JkFt76gtuk0=",
        "owner": "KhronosGroup",
        "repo": "glslang",
        "rev": "21b4e37133868b3a50ef15fc027ecd6d3a52c875",
        "type": "github"
      },
      "original": {
        "owner": "KhronosGroup",
        "repo": "glslang",
        "type": "github"
      }
    },
    "nixos-wsl": {
      "inputs": {
        "flake-compat": "flake-compat",
        "nixpkgs": [
          "nixpkgs"
        ]
      },
      "locked": {
        "lastModified": 1749574455,
        "narHash": "sha256-fm2/8KPOYvvIAnNVtjDlTt/My00lIbZQ+LMrfQIWVzs=",
        "owner": "nix-community",
        "repo": "NixOS-WSL",
        "rev": "917af390377c573932d84b5e31dd9f2c1b5c0f09",
        "type": "github"
      },
      "original": {
        "owner": "nix-community",
        "repo": "NixOS-WSL",
        "type": "github"
      }
    },
    "nixpkgs": {
      "locked": {
        "lastModified": 1720535198,
        "narHash": "sha256-zwVvxrdIzralnSbcpghA92tWu2DV2lwv89xZc8MTrbg=",
        "owner": "NixOS",
        "repo": "nixpkgs",
        "rev": "205fd4226592cc83fd4c0885a3e4c9c400efabb5",
        "type": "github"
      },
      "original": {
        "owner": "NixOS",
        "ref": "nixos-23.11",
        "repo": "nixpkgs",
        "type": "github"
      }
    },
    "root": {
      "inputs": {
        "flake-utils": "flake-utils",
        "glslang": "glslang",
        "nixos-wsl": "nixos-wsl",
        "nixpkgs": "nixpkgs",
        "vulkan-headers": "vulkan-headers",
        "vulkan-memory-allocator": "vulkan-memory-allocator"
      }
    },
    "systems": {
      "locked": {
        "lastModified": 1681028828,
        "narHash": "sha256-Vy1rq5AaRuLzOxct8nz4T6wlgyUR7zLU309k9mBC768=",
        "owner": "nix-systems",
        "repo": "default",
        "rev": "da67096a3b9bf56a91d16901293e51ba5b49a27e",
        "type": "github"
      },
      "original": {
        "owner": "nix-systems",
        "repo": "default",
        "type": "github"
      }
    },
    "vulkan-headers": {
      "flake": false,
      "locked": {
        "lastModified": 1750421987,
        "narHash": "sha256-OorBl9vIN4DqVgT8ae+05yCLon7m0ixQczEzDlpwFRI=",
        "owner": "KhronosGroup",
        "repo": "Vulkan-Headers",
        "rev": "10739e8e00a7b6f74d22dd0a547f1406ff1f5eb9",
        "type": "github"
      },
      "original": {
        "owner": "KhronosGroup",
        "repo": "Vulkan-Headers",
        "type": "github"
      }
    },
    "vulkan-memory-allocator": {
      "flake": false,
      "locked": {
        "lastModified": 1747917705,
        "narHash": "sha256-sOIVEeF9Qf6HeSNlHlGwS4bVxf9Odl7C2LK4jxjTvoI=",
        "owner": "GPUOpen-LibrariesAndSDKs",
        "repo": "VulkanMemoryAllocator",
        "rev": "6ec8481c8a13db586d7b3ba58f4eb9bbf017edf0",
        "type": "github"
      },
      "original": {
        "owner": "GPUOpen-LibrariesAndSDKs",
        "repo": "VulkanMemoryAllocator",
        "type": "github"
      }
    }
  },
  "root": "root",
  "version": 7
}
