
Microsoft Visual Studio Solution File, Format Version 12.00
# Visual Studio Version 17
Project("{8BC9CEB8-8B4A-11D0-8D11-00A0C91BC942}") = "ALL_BUILD", "ALL_BUILD.vcxproj", "{77A4F6DD-6B04-304F-9E66-AC27BC7D76A9}"
	ProjectSection(ProjectDependencies) = postProject
		{1645D01C-F813-3036-9549-492290E8F1D9} = {1645D01C-F813-3036-9549-492290E8F1D9}
		{87A854D2-53B5-340A-BB33-700D303074FD} = {87A854D2-53B5-340A-BB33-700D303074FD}
		{AEF9C3E6-DE00-31A1-98CE-7536C40E52F8} = {AEF9C3E6-DE00-31A1-98CE-7536C40E52F8}
		{9E27D82D-1659-3B83-B02E-FCFE6010453A} = {9E27D82D-1659-3B83-B02E-FCFE6010453A}
		{7824C2BA-C35D-3EF8-87E7-E1B23D74AECC} = {7824C2BA-C35D-3EF8-87E7-E1B23D74AECC}
		{4FBE3623-1191-3DD8-812A-1334FF1674CC} = {4FBE3623-1191-3DD8-812A-1334FF1674CC}
		{1DCE9430-3CC9-355E-ADC8-C33EFD84F241} = {1DCE9430-3CC9-355E-ADC8-C33EFD84F241}
		{B547B3D7-894A-3532-8E52-69D8BFA927FE} = {B547B3D7-894A-3532-8E52-69D8BFA927FE}
		{524006E2-D199-363F-8458-3A6A9F8035DB} = {524006E2-D199-363F-8458-3A6A9F8035DB}
		{1EBA5E16-6ED2-36C3-ABA4-1B2054C59256} = {1EBA5E16-6ED2-36C3-ABA4-1B2054C59256}
		{5A7386F2-CD52-366F-9F78-805AC3E28DCD} = {5A7386F2-CD52-366F-9F78-805AC3E28DCD}
		{8BDCD64D-72C0-3B23-B4CC-838C016EDDC9} = {8BDCD64D-72C0-3B23-B4CC-838C016EDDC9}
		{33162D9E-E4C9-35BB-B962-326668FAA818} = {33162D9E-E4C9-35BB-B962-326668FAA818}
		{E669302E-901D-396B-BD7B-B538D8FDDA2C} = {E669302E-901D-396B-BD7B-B538D8FDDA2C}
		{A99F3FF9-7609-3722-B8F6-B9C61AE6B7A0} = {A99F3FF9-7609-3722-B8F6-B9C61AE6B7A0}
		{0BFAFA46-C7B2-3113-AB60-34E6E21EA0F1} = {0BFAFA46-C7B2-3113-AB60-34E6E21EA0F1}
		{AF7DB9EE-FE42-3196-89A1-035D34D4A7CC} = {AF7DB9EE-FE42-3196-89A1-035D34D4A7CC}
		{45961E9B-134A-34A8-8DA2-2AC55D1193EA} = {45961E9B-134A-34A8-8DA2-2AC55D1193EA}
		{58C5FCCD-6DC3-3D7F-A26A-3C4CE2786C1C} = {58C5FCCD-6DC3-3D7F-A26A-3C4CE2786C1C}
		{F4CE5159-01FE-3DA4-B22D-E05EE4D62AB9} = {F4CE5159-01FE-3DA4-B22D-E05EE4D62AB9}
		{2971B4A9-4C24-38B2-BF80-CA4BDA312190} = {2971B4A9-4C24-38B2-BF80-CA4BDA312190}
		{9074B21E-212A-3FC5-82D5-B172F29AF290} = {9074B21E-212A-3FC5-82D5-B172F29AF290}
	EndProjectSection
EndProject
Project("{8BC9CEB8-8B4A-11D0-8D11-00A0C91BC942}") = "3DGameOfLife-Vulkan-Edition", "3DGameOfLife-Vulkan-Edition.vcxproj", "{1645D01C-F813-3036-9549-492290E8F1D9}"
	ProjectSection(ProjectDependencies) = postProject
		{87A854D2-53B5-340A-BB33-700D303074FD} = {87A854D2-53B5-340A-BB33-700D303074FD}
		{AEF9C3E6-DE00-31A1-98CE-7536C40E52F8} = {AEF9C3E6-DE00-31A1-98CE-7536C40E52F8}
		{7824C2BA-C35D-3EF8-87E7-E1B23D74AECC} = {7824C2BA-C35D-3EF8-87E7-E1B23D74AECC}
		{B547B3D7-894A-3532-8E52-69D8BFA927FE} = {B547B3D7-894A-3532-8E52-69D8BFA927FE}
		{524006E2-D199-363F-8458-3A6A9F8035DB} = {524006E2-D199-363F-8458-3A6A9F8035DB}
		{8BDCD64D-72C0-3B23-B4CC-838C016EDDC9} = {8BDCD64D-72C0-3B23-B4CC-838C016EDDC9}
		{E669302E-901D-396B-BD7B-B538D8FDDA2C} = {E669302E-901D-396B-BD7B-B538D8FDDA2C}
		{A99F3FF9-7609-3722-B8F6-B9C61AE6B7A0} = {A99F3FF9-7609-3722-B8F6-B9C61AE6B7A0}
		{AF7DB9EE-FE42-3196-89A1-035D34D4A7CC} = {AF7DB9EE-FE42-3196-89A1-035D34D4A7CC}
		{45961E9B-134A-34A8-8DA2-2AC55D1193EA} = {45961E9B-134A-34A8-8DA2-2AC55D1193EA}
		{58C5FCCD-6DC3-3D7F-A26A-3C4CE2786C1C} = {58C5FCCD-6DC3-3D7F-A26A-3C4CE2786C1C}
		{F4CE5159-01FE-3DA4-B22D-E05EE4D62AB9} = {F4CE5159-01FE-3DA4-B22D-E05EE4D62AB9}
		{2971B4A9-4C24-38B2-BF80-CA4BDA312190} = {2971B4A9-4C24-38B2-BF80-CA4BDA312190}
		{9074B21E-212A-3FC5-82D5-B172F29AF290} = {9074B21E-212A-3FC5-82D5-B172F29AF290}
	EndProjectSection
EndProject
Project("{8BC9CEB8-8B4A-11D0-8D11-00A0C91BC942}") = "3DGameOfLife-Vulkan-Edition_lib", "3DGameOfLife-Vulkan-Edition_lib.vcxproj", "{87A854D2-53B5-340A-BB33-700D303074FD}"
	ProjectSection(ProjectDependencies) = postProject
		{AEF9C3E6-DE00-31A1-98CE-7536C40E52F8} = {AEF9C3E6-DE00-31A1-98CE-7536C40E52F8}
		{7824C2BA-C35D-3EF8-87E7-E1B23D74AECC} = {7824C2BA-C35D-3EF8-87E7-E1B23D74AECC}
		{B547B3D7-894A-3532-8E52-69D8BFA927FE} = {B547B3D7-894A-3532-8E52-69D8BFA927FE}
		{524006E2-D199-363F-8458-3A6A9F8035DB} = {524006E2-D199-363F-8458-3A6A9F8035DB}
		{8BDCD64D-72C0-3B23-B4CC-838C016EDDC9} = {8BDCD64D-72C0-3B23-B4CC-838C016EDDC9}
		{E669302E-901D-396B-BD7B-B538D8FDDA2C} = {E669302E-901D-396B-BD7B-B538D8FDDA2C}
		{A99F3FF9-7609-3722-B8F6-B9C61AE6B7A0} = {A99F3FF9-7609-3722-B8F6-B9C61AE6B7A0}
		{AF7DB9EE-FE42-3196-89A1-035D34D4A7CC} = {AF7DB9EE-FE42-3196-89A1-035D34D4A7CC}
		{45961E9B-134A-34A8-8DA2-2AC55D1193EA} = {45961E9B-134A-34A8-8DA2-2AC55D1193EA}
		{58C5FCCD-6DC3-3D7F-A26A-3C4CE2786C1C} = {58C5FCCD-6DC3-3D7F-A26A-3C4CE2786C1C}
		{F4CE5159-01FE-3DA4-B22D-E05EE4D62AB9} = {F4CE5159-01FE-3DA4-B22D-E05EE4D62AB9}
		{2971B4A9-4C24-38B2-BF80-CA4BDA312190} = {2971B4A9-4C24-38B2-BF80-CA4BDA312190}
		{9074B21E-212A-3FC5-82D5-B172F29AF290} = {9074B21E-212A-3FC5-82D5-B172F29AF290}
	EndProjectSection
EndProject
Project("{8BC9CEB8-8B4A-11D0-8D11-00A0C91BC942}") = "Continuous", "Continuous.vcxproj", "{D0DEF353-582D-3C15-83E8-DC500AA295A8}"
	ProjectSection(ProjectDependencies) = postProject
		{AEF9C3E6-DE00-31A1-98CE-7536C40E52F8} = {AEF9C3E6-DE00-31A1-98CE-7536C40E52F8}
	EndProjectSection
EndProject
Project("{8BC9CEB8-8B4A-11D0-8D11-00A0C91BC942}") = "Experimental", "Experimental.vcxproj", "{57C10FB7-9CED-392D-A0C0-EE0DC66C05D7}"
	ProjectSection(ProjectDependencies) = postProject
		{AEF9C3E6-DE00-31A1-98CE-7536C40E52F8} = {AEF9C3E6-DE00-31A1-98CE-7536C40E52F8}
	EndProjectSection
EndProject
Project("{8BC9CEB8-8B4A-11D0-8D11-00A0C91BC942}") = "Nightly", "Nightly.vcxproj", "{3379AC6F-BC23-39D6-AED0-BA0867AA983C}"
	ProjectSection(ProjectDependencies) = postProject
		{AEF9C3E6-DE00-31A1-98CE-7536C40E52F8} = {AEF9C3E6-DE00-31A1-98CE-7536C40E52F8}
	EndProjectSection
EndProject
Project("{8BC9CEB8-8B4A-11D0-8D11-00A0C91BC942}") = "NightlyMemoryCheck", "NightlyMemoryCheck.vcxproj", "{AAC78164-0C5D-346F-9062-02D2C69573AB}"
	ProjectSection(ProjectDependencies) = postProject
		{AEF9C3E6-DE00-31A1-98CE-7536C40E52F8} = {AEF9C3E6-DE00-31A1-98CE-7536C40E52F8}
	EndProjectSection
EndProject
Project("{8BC9CEB8-8B4A-11D0-8D11-00A0C91BC942}") = "RUN_TESTS", "RUN_TESTS.vcxproj", "{4CA5F2C8-4BA3-310A-951E-2692839799BE}"
	ProjectSection(ProjectDependencies) = postProject
		{AEF9C3E6-DE00-31A1-98CE-7536C40E52F8} = {AEF9C3E6-DE00-31A1-98CE-7536C40E52F8}
	EndProjectSection
EndProject
Project("{8BC9CEB8-8B4A-11D0-8D11-00A0C91BC942}") = "ZERO_CHECK", "ZERO_CHECK.vcxproj", "{AEF9C3E6-DE00-31A1-98CE-7536C40E52F8}"
	ProjectSection(ProjectDependencies) = postProject
	EndProjectSection
EndProject
Project("{8BC9CEB8-8B4A-11D0-8D11-00A0C91BC942}") = "benchmark_tests", "benchmark_tests.vcxproj", "{9E27D82D-1659-3B83-B02E-FCFE6010453A}"
	ProjectSection(ProjectDependencies) = postProject
		{87A854D2-53B5-340A-BB33-700D303074FD} = {87A854D2-53B5-340A-BB33-700D303074FD}
		{AEF9C3E6-DE00-31A1-98CE-7536C40E52F8} = {AEF9C3E6-DE00-31A1-98CE-7536C40E52F8}
		{7824C2BA-C35D-3EF8-87E7-E1B23D74AECC} = {7824C2BA-C35D-3EF8-87E7-E1B23D74AECC}
		{B547B3D7-894A-3532-8E52-69D8BFA927FE} = {B547B3D7-894A-3532-8E52-69D8BFA927FE}
		{524006E2-D199-363F-8458-3A6A9F8035DB} = {524006E2-D199-363F-8458-3A6A9F8035DB}
		{8BDCD64D-72C0-3B23-B4CC-838C016EDDC9} = {8BDCD64D-72C0-3B23-B4CC-838C016EDDC9}
		{E669302E-901D-396B-BD7B-B538D8FDDA2C} = {E669302E-901D-396B-BD7B-B538D8FDDA2C}
		{A99F3FF9-7609-3722-B8F6-B9C61AE6B7A0} = {A99F3FF9-7609-3722-B8F6-B9C61AE6B7A0}
		{AF7DB9EE-FE42-3196-89A1-035D34D4A7CC} = {AF7DB9EE-FE42-3196-89A1-035D34D4A7CC}
		{45961E9B-134A-34A8-8DA2-2AC55D1193EA} = {45961E9B-134A-34A8-8DA2-2AC55D1193EA}
		{58C5FCCD-6DC3-3D7F-A26A-3C4CE2786C1C} = {58C5FCCD-6DC3-3D7F-A26A-3C4CE2786C1C}
		{F4CE5159-01FE-3DA4-B22D-E05EE4D62AB9} = {F4CE5159-01FE-3DA4-B22D-E05EE4D62AB9}
		{2971B4A9-4C24-38B2-BF80-CA4BDA312190} = {2971B4A9-4C24-38B2-BF80-CA4BDA312190}
		{9074B21E-212A-3FC5-82D5-B172F29AF290} = {9074B21E-212A-3FC5-82D5-B172F29AF290}
	EndProjectSection
EndProject
Project("{8BC9CEB8-8B4A-11D0-8D11-00A0C91BC942}") = "camera", "camera.vcxproj", "{7824C2BA-C35D-3EF8-87E7-E1B23D74AECC}"
	ProjectSection(ProjectDependencies) = postProject
		{AEF9C3E6-DE00-31A1-98CE-7536C40E52F8} = {AEF9C3E6-DE00-31A1-98CE-7536C40E52F8}
		{B547B3D7-894A-3532-8E52-69D8BFA927FE} = {B547B3D7-894A-3532-8E52-69D8BFA927FE}
		{524006E2-D199-363F-8458-3A6A9F8035DB} = {524006E2-D199-363F-8458-3A6A9F8035DB}
		{8BDCD64D-72C0-3B23-B4CC-838C016EDDC9} = {8BDCD64D-72C0-3B23-B4CC-838C016EDDC9}
	EndProjectSection
EndProject
Project("{8BC9CEB8-8B4A-11D0-8D11-00A0C91BC942}") = "clean_shaders", "clean_shaders.vcxproj", "{B36BEE61-552A-34E0-8750-E7B820CC815A}"
	ProjectSection(ProjectDependencies) = postProject
		{AEF9C3E6-DE00-31A1-98CE-7536C40E52F8} = {AEF9C3E6-DE00-31A1-98CE-7536C40E52F8}
	EndProjectSection
EndProject
Project("{8BC9CEB8-8B4A-11D0-8D11-00A0C91BC942}") = "compile_shaders", "compile_shaders.vcxproj", "{4FBE3623-1191-3DD8-812A-1334FF1674CC}"
	ProjectSection(ProjectDependencies) = postProject
		{AEF9C3E6-DE00-31A1-98CE-7536C40E52F8} = {AEF9C3E6-DE00-31A1-98CE-7536C40E52F8}
	EndProjectSection
EndProject
Project("{8BC9CEB8-8B4A-11D0-8D11-00A0C91BC942}") = "copy_shaders", "copy_shaders.vcxproj", "{1DCE9430-3CC9-355E-ADC8-C33EFD84F241}"
	ProjectSection(ProjectDependencies) = postProject
		{AEF9C3E6-DE00-31A1-98CE-7536C40E52F8} = {AEF9C3E6-DE00-31A1-98CE-7536C40E52F8}
		{4FBE3623-1191-3DD8-812A-1334FF1674CC} = {4FBE3623-1191-3DD8-812A-1334FF1674CC}
	EndProjectSection
EndProject
Project("{8BC9CEB8-8B4A-11D0-8D11-00A0C91BC942}") = "core_engine", "core_engine.vcxproj", "{B547B3D7-894A-3532-8E52-69D8BFA927FE}"
	ProjectSection(ProjectDependencies) = postProject
		{AEF9C3E6-DE00-31A1-98CE-7536C40E52F8} = {AEF9C3E6-DE00-31A1-98CE-7536C40E52F8}
	EndProjectSection
EndProject
Project("{8BC9CEB8-8B4A-11D0-8D11-00A0C91BC942}") = "dev_build", "dev_build.vcxproj", "{34D27624-4261-3D14-8485-1F382EC20F02}"
	ProjectSection(ProjectDependencies) = postProject
		{1645D01C-F813-3036-9549-492290E8F1D9} = {1645D01C-F813-3036-9549-492290E8F1D9}
		{AEF9C3E6-DE00-31A1-98CE-7536C40E52F8} = {AEF9C3E6-DE00-31A1-98CE-7536C40E52F8}
		{4FBE3623-1191-3DD8-812A-1334FF1674CC} = {4FBE3623-1191-3DD8-812A-1334FF1674CC}
	EndProjectSection
EndProject
Project("{8BC9CEB8-8B4A-11D0-8D11-00A0C91BC942}") = "distclean", "distclean.vcxproj", "{59E37081-BCFF-3A18-861E-88DF57B94870}"
	ProjectSection(ProjectDependencies) = postProject
		{AEF9C3E6-DE00-31A1-98CE-7536C40E52F8} = {AEF9C3E6-DE00-31A1-98CE-7536C40E52F8}
	EndProjectSection
EndProject
Project("{8BC9CEB8-8B4A-11D0-8D11-00A0C91BC942}") = "game_logic", "game_logic.vcxproj", "{524006E2-D199-363F-8458-3A6A9F8035DB}"
	ProjectSection(ProjectDependencies) = postProject
		{AEF9C3E6-DE00-31A1-98CE-7536C40E52F8} = {AEF9C3E6-DE00-31A1-98CE-7536C40E52F8}
		{B547B3D7-894A-3532-8E52-69D8BFA927FE} = {B547B3D7-894A-3532-8E52-69D8BFA927FE}
		{8BDCD64D-72C0-3B23-B4CC-838C016EDDC9} = {8BDCD64D-72C0-3B23-B4CC-838C016EDDC9}
	EndProjectSection
EndProject
Project("{8BC9CEB8-8B4A-11D0-8D11-00A0C91BC942}") = "integration_tests", "integration_tests.vcxproj", "{1EBA5E16-6ED2-36C3-ABA4-1B2054C59256}"
	ProjectSection(ProjectDependencies) = postProject
		{87A854D2-53B5-340A-BB33-700D303074FD} = {87A854D2-53B5-340A-BB33-700D303074FD}
		{AEF9C3E6-DE00-31A1-98CE-7536C40E52F8} = {AEF9C3E6-DE00-31A1-98CE-7536C40E52F8}
		{7824C2BA-C35D-3EF8-87E7-E1B23D74AECC} = {7824C2BA-C35D-3EF8-87E7-E1B23D74AECC}
		{B547B3D7-894A-3532-8E52-69D8BFA927FE} = {B547B3D7-894A-3532-8E52-69D8BFA927FE}
		{524006E2-D199-363F-8458-3A6A9F8035DB} = {524006E2-D199-363F-8458-3A6A9F8035DB}
		{8BDCD64D-72C0-3B23-B4CC-838C016EDDC9} = {8BDCD64D-72C0-3B23-B4CC-838C016EDDC9}
		{E669302E-901D-396B-BD7B-B538D8FDDA2C} = {E669302E-901D-396B-BD7B-B538D8FDDA2C}
		{A99F3FF9-7609-3722-B8F6-B9C61AE6B7A0} = {A99F3FF9-7609-3722-B8F6-B9C61AE6B7A0}
		{AF7DB9EE-FE42-3196-89A1-035D34D4A7CC} = {AF7DB9EE-FE42-3196-89A1-035D34D4A7CC}
		{45961E9B-134A-34A8-8DA2-2AC55D1193EA} = {45961E9B-134A-34A8-8DA2-2AC55D1193EA}
		{58C5FCCD-6DC3-3D7F-A26A-3C4CE2786C1C} = {58C5FCCD-6DC3-3D7F-A26A-3C4CE2786C1C}
		{F4CE5159-01FE-3DA4-B22D-E05EE4D62AB9} = {F4CE5159-01FE-3DA4-B22D-E05EE4D62AB9}
		{2971B4A9-4C24-38B2-BF80-CA4BDA312190} = {2971B4A9-4C24-38B2-BF80-CA4BDA312190}
		{9074B21E-212A-3FC5-82D5-B172F29AF290} = {9074B21E-212A-3FC5-82D5-B172F29AF290}
	EndProjectSection
EndProject
Project("{8BC9CEB8-8B4A-11D0-8D11-00A0C91BC942}") = "memory_leak_tests", "memory_leak_tests.vcxproj", "{5A7386F2-CD52-366F-9F78-805AC3E28DCD}"
	ProjectSection(ProjectDependencies) = postProject
		{87A854D2-53B5-340A-BB33-700D303074FD} = {87A854D2-53B5-340A-BB33-700D303074FD}
		{AEF9C3E6-DE00-31A1-98CE-7536C40E52F8} = {AEF9C3E6-DE00-31A1-98CE-7536C40E52F8}
		{7824C2BA-C35D-3EF8-87E7-E1B23D74AECC} = {7824C2BA-C35D-3EF8-87E7-E1B23D74AECC}
		{B547B3D7-894A-3532-8E52-69D8BFA927FE} = {B547B3D7-894A-3532-8E52-69D8BFA927FE}
		{524006E2-D199-363F-8458-3A6A9F8035DB} = {524006E2-D199-363F-8458-3A6A9F8035DB}
		{8BDCD64D-72C0-3B23-B4CC-838C016EDDC9} = {8BDCD64D-72C0-3B23-B4CC-838C016EDDC9}
		{E669302E-901D-396B-BD7B-B538D8FDDA2C} = {E669302E-901D-396B-BD7B-B538D8FDDA2C}
		{A99F3FF9-7609-3722-B8F6-B9C61AE6B7A0} = {A99F3FF9-7609-3722-B8F6-B9C61AE6B7A0}
		{AF7DB9EE-FE42-3196-89A1-035D34D4A7CC} = {AF7DB9EE-FE42-3196-89A1-035D34D4A7CC}
		{45961E9B-134A-34A8-8DA2-2AC55D1193EA} = {45961E9B-134A-34A8-8DA2-2AC55D1193EA}
		{58C5FCCD-6DC3-3D7F-A26A-3C4CE2786C1C} = {58C5FCCD-6DC3-3D7F-A26A-3C4CE2786C1C}
		{F4CE5159-01FE-3DA4-B22D-E05EE4D62AB9} = {F4CE5159-01FE-3DA4-B22D-E05EE4D62AB9}
		{2971B4A9-4C24-38B2-BF80-CA4BDA312190} = {2971B4A9-4C24-38B2-BF80-CA4BDA312190}
		{9074B21E-212A-3FC5-82D5-B172F29AF290} = {9074B21E-212A-3FC5-82D5-B172F29AF290}
	EndProjectSection
EndProject
Project("{8BC9CEB8-8B4A-11D0-8D11-00A0C91BC942}") = "memory_management", "memory_management.vcxproj", "{8BDCD64D-72C0-3B23-B4CC-838C016EDDC9}"
	ProjectSection(ProjectDependencies) = postProject
		{AEF9C3E6-DE00-31A1-98CE-7536C40E52F8} = {AEF9C3E6-DE00-31A1-98CE-7536C40E52F8}
		{B547B3D7-894A-3532-8E52-69D8BFA927FE} = {B547B3D7-894A-3532-8E52-69D8BFA927FE}
	EndProjectSection
EndProject
Project("{8BC9CEB8-8B4A-11D0-8D11-00A0C91BC942}") = "performance_tests", "performance_tests.vcxproj", "{33162D9E-E4C9-35BB-B962-326668FAA818}"
	ProjectSection(ProjectDependencies) = postProject
		{87A854D2-53B5-340A-BB33-700D303074FD} = {87A854D2-53B5-340A-BB33-700D303074FD}
		{AEF9C3E6-DE00-31A1-98CE-7536C40E52F8} = {AEF9C3E6-DE00-31A1-98CE-7536C40E52F8}
		{7824C2BA-C35D-3EF8-87E7-E1B23D74AECC} = {7824C2BA-C35D-3EF8-87E7-E1B23D74AECC}
		{B547B3D7-894A-3532-8E52-69D8BFA927FE} = {B547B3D7-894A-3532-8E52-69D8BFA927FE}
		{524006E2-D199-363F-8458-3A6A9F8035DB} = {524006E2-D199-363F-8458-3A6A9F8035DB}
		{8BDCD64D-72C0-3B23-B4CC-838C016EDDC9} = {8BDCD64D-72C0-3B23-B4CC-838C016EDDC9}
		{E669302E-901D-396B-BD7B-B538D8FDDA2C} = {E669302E-901D-396B-BD7B-B538D8FDDA2C}
		{A99F3FF9-7609-3722-B8F6-B9C61AE6B7A0} = {A99F3FF9-7609-3722-B8F6-B9C61AE6B7A0}
		{AF7DB9EE-FE42-3196-89A1-035D34D4A7CC} = {AF7DB9EE-FE42-3196-89A1-035D34D4A7CC}
		{45961E9B-134A-34A8-8DA2-2AC55D1193EA} = {45961E9B-134A-34A8-8DA2-2AC55D1193EA}
		{58C5FCCD-6DC3-3D7F-A26A-3C4CE2786C1C} = {58C5FCCD-6DC3-3D7F-A26A-3C4CE2786C1C}
		{F4CE5159-01FE-3DA4-B22D-E05EE4D62AB9} = {F4CE5159-01FE-3DA4-B22D-E05EE4D62AB9}
		{2971B4A9-4C24-38B2-BF80-CA4BDA312190} = {2971B4A9-4C24-38B2-BF80-CA4BDA312190}
		{9074B21E-212A-3FC5-82D5-B172F29AF290} = {9074B21E-212A-3FC5-82D5-B172F29AF290}
	EndProjectSection
EndProject
Project("{8BC9CEB8-8B4A-11D0-8D11-00A0C91BC942}") = "quick_test", "quick_test.vcxproj", "{5C7CEE5C-5E7B-37DF-B3AF-4A86EB764A37}"
	ProjectSection(ProjectDependencies) = postProject
		{AEF9C3E6-DE00-31A1-98CE-7536C40E52F8} = {AEF9C3E6-DE00-31A1-98CE-7536C40E52F8}
		{0BFAFA46-C7B2-3113-AB60-34E6E21EA0F1} = {0BFAFA46-C7B2-3113-AB60-34E6E21EA0F1}
	EndProjectSection
EndProject
Project("{8BC9CEB8-8B4A-11D0-8D11-00A0C91BC942}") = "rebuild", "rebuild.vcxproj", "{9514F955-51E7-3C26-A681-EA9F2A067E25}"
	ProjectSection(ProjectDependencies) = postProject
		{AEF9C3E6-DE00-31A1-98CE-7536C40E52F8} = {AEF9C3E6-DE00-31A1-98CE-7536C40E52F8}
	EndProjectSection
EndProject
Project("{8BC9CEB8-8B4A-11D0-8D11-00A0C91BC942}") = "rendering", "rendering.vcxproj", "{E669302E-901D-396B-BD7B-B538D8FDDA2C}"
	ProjectSection(ProjectDependencies) = postProject
		{AEF9C3E6-DE00-31A1-98CE-7536C40E52F8} = {AEF9C3E6-DE00-31A1-98CE-7536C40E52F8}
		{B547B3D7-894A-3532-8E52-69D8BFA927FE} = {B547B3D7-894A-3532-8E52-69D8BFA927FE}
	EndProjectSection
EndProject
Project("{8BC9CEB8-8B4A-11D0-8D11-00A0C91BC942}") = "run_benchmarks", "run_benchmarks.vcxproj", "{D4244F0C-D8D0-3A0E-B7FC-70CCB4888C2F}"
	ProjectSection(ProjectDependencies) = postProject
		{AEF9C3E6-DE00-31A1-98CE-7536C40E52F8} = {AEF9C3E6-DE00-31A1-98CE-7536C40E52F8}
		{9E27D82D-1659-3B83-B02E-FCFE6010453A} = {9E27D82D-1659-3B83-B02E-FCFE6010453A}
	EndProjectSection
EndProject
Project("{8BC9CEB8-8B4A-11D0-8D11-00A0C91BC942}") = "run_benchmarks_detailed", "run_benchmarks_detailed.vcxproj", "{0A164E73-0BD4-3259-B3AF-12E36E7AC0AA}"
	ProjectSection(ProjectDependencies) = postProject
		{AEF9C3E6-DE00-31A1-98CE-7536C40E52F8} = {AEF9C3E6-DE00-31A1-98CE-7536C40E52F8}
		{9E27D82D-1659-3B83-B02E-FCFE6010453A} = {9E27D82D-1659-3B83-B02E-FCFE6010453A}
	EndProjectSection
EndProject
Project("{8BC9CEB8-8B4A-11D0-8D11-00A0C91BC942}") = "run_memory_benchmarks", "run_memory_benchmarks.vcxproj", "{4C726A86-ECCF-316E-A19F-941A85656AB8}"
	ProjectSection(ProjectDependencies) = postProject
		{AEF9C3E6-DE00-31A1-98CE-7536C40E52F8} = {AEF9C3E6-DE00-31A1-98CE-7536C40E52F8}
		{9E27D82D-1659-3B83-B02E-FCFE6010453A} = {9E27D82D-1659-3B83-B02E-FCFE6010453A}
	EndProjectSection
EndProject
Project("{8BC9CEB8-8B4A-11D0-8D11-00A0C91BC942}") = "run_vulkan_performance", "run_vulkan_performance.vcxproj", "{54FCB73A-5827-3509-B219-8F6197FED850}"
	ProjectSection(ProjectDependencies) = postProject
		{AEF9C3E6-DE00-31A1-98CE-7536C40E52F8} = {AEF9C3E6-DE00-31A1-98CE-7536C40E52F8}
		{33162D9E-E4C9-35BB-B962-326668FAA818} = {33162D9E-E4C9-35BB-B962-326668FAA818}
	EndProjectSection
EndProject
Project("{8BC9CEB8-8B4A-11D0-8D11-00A0C91BC942}") = "test_all", "test_all.vcxproj", "{7B54A700-67B6-3701-8AD7-BFCAD3056817}"
	ProjectSection(ProjectDependencies) = postProject
		{AEF9C3E6-DE00-31A1-98CE-7536C40E52F8} = {AEF9C3E6-DE00-31A1-98CE-7536C40E52F8}
	EndProjectSection
EndProject
Project("{8BC9CEB8-8B4A-11D0-8D11-00A0C91BC942}") = "test_integration", "test_integration.vcxproj", "{37A271BB-CD93-37A1-884A-6B95A6E2B953}"
	ProjectSection(ProjectDependencies) = postProject
		{AEF9C3E6-DE00-31A1-98CE-7536C40E52F8} = {AEF9C3E6-DE00-31A1-98CE-7536C40E52F8}
	EndProjectSection
EndProject
Project("{8BC9CEB8-8B4A-11D0-8D11-00A0C91BC942}") = "test_memory_leak", "test_memory_leak.vcxproj", "{187FC407-9C4B-3A3D-BE13-BA822F54E5CB}"
	ProjectSection(ProjectDependencies) = postProject
		{AEF9C3E6-DE00-31A1-98CE-7536C40E52F8} = {AEF9C3E6-DE00-31A1-98CE-7536C40E52F8}
	EndProjectSection
EndProject
Project("{8BC9CEB8-8B4A-11D0-8D11-00A0C91BC942}") = "test_unit", "test_unit.vcxproj", "{0A28D0AC-8242-30D4-A877-DEDC8008CB71}"
	ProjectSection(ProjectDependencies) = postProject
		{AEF9C3E6-DE00-31A1-98CE-7536C40E52F8} = {AEF9C3E6-DE00-31A1-98CE-7536C40E52F8}
	EndProjectSection
EndProject
Project("{8BC9CEB8-8B4A-11D0-8D11-00A0C91BC942}") = "ui", "ui.vcxproj", "{A99F3FF9-7609-3722-B8F6-B9C61AE6B7A0}"
	ProjectSection(ProjectDependencies) = postProject
		{AEF9C3E6-DE00-31A1-98CE-7536C40E52F8} = {AEF9C3E6-DE00-31A1-98CE-7536C40E52F8}
		{B547B3D7-894A-3532-8E52-69D8BFA927FE} = {B547B3D7-894A-3532-8E52-69D8BFA927FE}
		{E669302E-901D-396B-BD7B-B538D8FDDA2C} = {E669302E-901D-396B-BD7B-B538D8FDDA2C}
	EndProjectSection
EndProject
Project("{8BC9CEB8-8B4A-11D0-8D11-00A0C91BC942}") = "unit_tests", "unit_tests.vcxproj", "{0BFAFA46-C7B2-3113-AB60-34E6E21EA0F1}"
	ProjectSection(ProjectDependencies) = postProject
		{87A854D2-53B5-340A-BB33-700D303074FD} = {87A854D2-53B5-340A-BB33-700D303074FD}
		{AEF9C3E6-DE00-31A1-98CE-7536C40E52F8} = {AEF9C3E6-DE00-31A1-98CE-7536C40E52F8}
		{7824C2BA-C35D-3EF8-87E7-E1B23D74AECC} = {7824C2BA-C35D-3EF8-87E7-E1B23D74AECC}
		{B547B3D7-894A-3532-8E52-69D8BFA927FE} = {B547B3D7-894A-3532-8E52-69D8BFA927FE}
		{524006E2-D199-363F-8458-3A6A9F8035DB} = {524006E2-D199-363F-8458-3A6A9F8035DB}
		{8BDCD64D-72C0-3B23-B4CC-838C016EDDC9} = {8BDCD64D-72C0-3B23-B4CC-838C016EDDC9}
		{E669302E-901D-396B-BD7B-B538D8FDDA2C} = {E669302E-901D-396B-BD7B-B538D8FDDA2C}
		{A99F3FF9-7609-3722-B8F6-B9C61AE6B7A0} = {A99F3FF9-7609-3722-B8F6-B9C61AE6B7A0}
		{AF7DB9EE-FE42-3196-89A1-035D34D4A7CC} = {AF7DB9EE-FE42-3196-89A1-035D34D4A7CC}
		{45961E9B-134A-34A8-8DA2-2AC55D1193EA} = {45961E9B-134A-34A8-8DA2-2AC55D1193EA}
		{58C5FCCD-6DC3-3D7F-A26A-3C4CE2786C1C} = {58C5FCCD-6DC3-3D7F-A26A-3C4CE2786C1C}
		{F4CE5159-01FE-3DA4-B22D-E05EE4D62AB9} = {F4CE5159-01FE-3DA4-B22D-E05EE4D62AB9}
		{2971B4A9-4C24-38B2-BF80-CA4BDA312190} = {2971B4A9-4C24-38B2-BF80-CA4BDA312190}
		{9074B21E-212A-3FC5-82D5-B172F29AF290} = {9074B21E-212A-3FC5-82D5-B172F29AF290}
	EndProjectSection
EndProject
Project("{8BC9CEB8-8B4A-11D0-8D11-00A0C91BC942}") = "utilities", "utilities.vcxproj", "{AF7DB9EE-FE42-3196-89A1-035D34D4A7CC}"
	ProjectSection(ProjectDependencies) = postProject
		{AEF9C3E6-DE00-31A1-98CE-7536C40E52F8} = {AEF9C3E6-DE00-31A1-98CE-7536C40E52F8}
	EndProjectSection
EndProject
Project("{8BC9CEB8-8B4A-11D0-8D11-00A0C91BC942}") = "validate_shaders", "validate_shaders.vcxproj", "{F69BC03D-101B-3AE8-AC14-EEED823ABCF1}"
	ProjectSection(ProjectDependencies) = postProject
		{AEF9C3E6-DE00-31A1-98CE-7536C40E52F8} = {AEF9C3E6-DE00-31A1-98CE-7536C40E52F8}
		{4FBE3623-1191-3DD8-812A-1334FF1674CC} = {4FBE3623-1191-3DD8-812A-1334FF1674CC}
	EndProjectSection
EndProject
Project("{8BC9CEB8-8B4A-11D0-8D11-00A0C91BC942}") = "vulkan_compute", "vulkan_compute.vcxproj", "{45961E9B-134A-34A8-8DA2-2AC55D1193EA}"
	ProjectSection(ProjectDependencies) = postProject
		{AEF9C3E6-DE00-31A1-98CE-7536C40E52F8} = {AEF9C3E6-DE00-31A1-98CE-7536C40E52F8}
		{B547B3D7-894A-3532-8E52-69D8BFA927FE} = {B547B3D7-894A-3532-8E52-69D8BFA927FE}
		{524006E2-D199-363F-8458-3A6A9F8035DB} = {524006E2-D199-363F-8458-3A6A9F8035DB}
		{8BDCD64D-72C0-3B23-B4CC-838C016EDDC9} = {8BDCD64D-72C0-3B23-B4CC-838C016EDDC9}
	EndProjectSection
EndProject
Project("{8BC9CEB8-8B4A-11D0-8D11-00A0C91BC942}") = "vulkan_image", "vulkan_image.vcxproj", "{58C5FCCD-6DC3-3D7F-A26A-3C4CE2786C1C}"
	ProjectSection(ProjectDependencies) = postProject
		{AEF9C3E6-DE00-31A1-98CE-7536C40E52F8} = {AEF9C3E6-DE00-31A1-98CE-7536C40E52F8}
		{B547B3D7-894A-3532-8E52-69D8BFA927FE} = {B547B3D7-894A-3532-8E52-69D8BFA927FE}
		{8BDCD64D-72C0-3B23-B4CC-838C016EDDC9} = {8BDCD64D-72C0-3B23-B4CC-838C016EDDC9}
	EndProjectSection
EndProject
Project("{8BC9CEB8-8B4A-11D0-8D11-00A0C91BC942}") = "vulkan_rendering", "vulkan_rendering.vcxproj", "{F4CE5159-01FE-3DA4-B22D-E05EE4D62AB9}"
	ProjectSection(ProjectDependencies) = postProject
		{AEF9C3E6-DE00-31A1-98CE-7536C40E52F8} = {AEF9C3E6-DE00-31A1-98CE-7536C40E52F8}
		{B547B3D7-894A-3532-8E52-69D8BFA927FE} = {B547B3D7-894A-3532-8E52-69D8BFA927FE}
		{8BDCD64D-72C0-3B23-B4CC-838C016EDDC9} = {8BDCD64D-72C0-3B23-B4CC-838C016EDDC9}
		{E669302E-901D-396B-BD7B-B538D8FDDA2C} = {E669302E-901D-396B-BD7B-B538D8FDDA2C}
		{58C5FCCD-6DC3-3D7F-A26A-3C4CE2786C1C} = {58C5FCCD-6DC3-3D7F-A26A-3C4CE2786C1C}
		{2971B4A9-4C24-38B2-BF80-CA4BDA312190} = {2971B4A9-4C24-38B2-BF80-CA4BDA312190}
	EndProjectSection
EndProject
Project("{8BC9CEB8-8B4A-11D0-8D11-00A0C91BC942}") = "vulkan_resources", "vulkan_resources.vcxproj", "{2971B4A9-4C24-38B2-BF80-CA4BDA312190}"
	ProjectSection(ProjectDependencies) = postProject
		{AEF9C3E6-DE00-31A1-98CE-7536C40E52F8} = {AEF9C3E6-DE00-31A1-98CE-7536C40E52F8}
	EndProjectSection
EndProject
Project("{8BC9CEB8-8B4A-11D0-8D11-00A0C91BC942}") = "vulkan_ui", "vulkan_ui.vcxproj", "{9074B21E-212A-3FC5-82D5-B172F29AF290}"
	ProjectSection(ProjectDependencies) = postProject
		{AEF9C3E6-DE00-31A1-98CE-7536C40E52F8} = {AEF9C3E6-DE00-31A1-98CE-7536C40E52F8}
		{B547B3D7-894A-3532-8E52-69D8BFA927FE} = {B547B3D7-894A-3532-8E52-69D8BFA927FE}
	EndProjectSection
EndProject
Global
	GlobalSection(SolutionConfigurationPlatforms) = preSolution
		Debug|x64 = Debug|x64
		Release|x64 = Release|x64
		MinSizeRel|x64 = MinSizeRel|x64
		RelWithDebInfo|x64 = RelWithDebInfo|x64
	EndGlobalSection
	GlobalSection(ProjectConfigurationPlatforms) = postSolution
		{77A4F6DD-6B04-304F-9E66-AC27BC7D76A9}.Debug|x64.ActiveCfg = Debug|x64
		{77A4F6DD-6B04-304F-9E66-AC27BC7D76A9}.Release|x64.ActiveCfg = Release|x64
		{77A4F6DD-6B04-304F-9E66-AC27BC7D76A9}.MinSizeRel|x64.ActiveCfg = MinSizeRel|x64
		{77A4F6DD-6B04-304F-9E66-AC27BC7D76A9}.RelWithDebInfo|x64.ActiveCfg = RelWithDebInfo|x64
		{1645D01C-F813-3036-9549-492290E8F1D9}.Debug|x64.ActiveCfg = Debug|x64
		{1645D01C-F813-3036-9549-492290E8F1D9}.Debug|x64.Build.0 = Debug|x64
		{1645D01C-F813-3036-9549-492290E8F1D9}.Release|x64.ActiveCfg = Release|x64
		{1645D01C-F813-3036-9549-492290E8F1D9}.Release|x64.Build.0 = Release|x64
		{1645D01C-F813-3036-9549-492290E8F1D9}.MinSizeRel|x64.ActiveCfg = MinSizeRel|x64
		{1645D01C-F813-3036-9549-492290E8F1D9}.MinSizeRel|x64.Build.0 = MinSizeRel|x64
		{1645D01C-F813-3036-9549-492290E8F1D9}.RelWithDebInfo|x64.ActiveCfg = RelWithDebInfo|x64
		{1645D01C-F813-3036-9549-492290E8F1D9}.RelWithDebInfo|x64.Build.0 = RelWithDebInfo|x64
		{87A854D2-53B5-340A-BB33-700D303074FD}.Debug|x64.ActiveCfg = Debug|x64
		{87A854D2-53B5-340A-BB33-700D303074FD}.Debug|x64.Build.0 = Debug|x64
		{87A854D2-53B5-340A-BB33-700D303074FD}.Release|x64.ActiveCfg = Release|x64
		{87A854D2-53B5-340A-BB33-700D303074FD}.Release|x64.Build.0 = Release|x64
		{87A854D2-53B5-340A-BB33-700D303074FD}.MinSizeRel|x64.ActiveCfg = MinSizeRel|x64
		{87A854D2-53B5-340A-BB33-700D303074FD}.MinSizeRel|x64.Build.0 = MinSizeRel|x64
		{87A854D2-53B5-340A-BB33-700D303074FD}.RelWithDebInfo|x64.ActiveCfg = RelWithDebInfo|x64
		{87A854D2-53B5-340A-BB33-700D303074FD}.RelWithDebInfo|x64.Build.0 = RelWithDebInfo|x64
		{D0DEF353-582D-3C15-83E8-DC500AA295A8}.Debug|x64.ActiveCfg = Debug|x64
		{D0DEF353-582D-3C15-83E8-DC500AA295A8}.Release|x64.ActiveCfg = Release|x64
		{D0DEF353-582D-3C15-83E8-DC500AA295A8}.MinSizeRel|x64.ActiveCfg = MinSizeRel|x64
		{D0DEF353-582D-3C15-83E8-DC500AA295A8}.RelWithDebInfo|x64.ActiveCfg = RelWithDebInfo|x64
		{57C10FB7-9CED-392D-A0C0-EE0DC66C05D7}.Debug|x64.ActiveCfg = Debug|x64
		{57C10FB7-9CED-392D-A0C0-EE0DC66C05D7}.Release|x64.ActiveCfg = Release|x64
		{57C10FB7-9CED-392D-A0C0-EE0DC66C05D7}.MinSizeRel|x64.ActiveCfg = MinSizeRel|x64
		{57C10FB7-9CED-392D-A0C0-EE0DC66C05D7}.RelWithDebInfo|x64.ActiveCfg = RelWithDebInfo|x64
		{3379AC6F-BC23-39D6-AED0-BA0867AA983C}.Debug|x64.ActiveCfg = Debug|x64
		{3379AC6F-BC23-39D6-AED0-BA0867AA983C}.Release|x64.ActiveCfg = Release|x64
		{3379AC6F-BC23-39D6-AED0-BA0867AA983C}.MinSizeRel|x64.ActiveCfg = MinSizeRel|x64
		{3379AC6F-BC23-39D6-AED0-BA0867AA983C}.RelWithDebInfo|x64.ActiveCfg = RelWithDebInfo|x64
		{AAC78164-0C5D-346F-9062-02D2C69573AB}.Debug|x64.ActiveCfg = Debug|x64
		{AAC78164-0C5D-346F-9062-02D2C69573AB}.Release|x64.ActiveCfg = Release|x64
		{AAC78164-0C5D-346F-9062-02D2C69573AB}.MinSizeRel|x64.ActiveCfg = MinSizeRel|x64
		{AAC78164-0C5D-346F-9062-02D2C69573AB}.RelWithDebInfo|x64.ActiveCfg = RelWithDebInfo|x64
		{4CA5F2C8-4BA3-310A-951E-2692839799BE}.Debug|x64.ActiveCfg = Debug|x64
		{4CA5F2C8-4BA3-310A-951E-2692839799BE}.Release|x64.ActiveCfg = Release|x64
		{4CA5F2C8-4BA3-310A-951E-2692839799BE}.MinSizeRel|x64.ActiveCfg = MinSizeRel|x64
		{4CA5F2C8-4BA3-310A-951E-2692839799BE}.RelWithDebInfo|x64.ActiveCfg = RelWithDebInfo|x64
		{AEF9C3E6-DE00-31A1-98CE-7536C40E52F8}.Debug|x64.ActiveCfg = Debug|x64
		{AEF9C3E6-DE00-31A1-98CE-7536C40E52F8}.Debug|x64.Build.0 = Debug|x64
		{AEF9C3E6-DE00-31A1-98CE-7536C40E52F8}.Release|x64.ActiveCfg = Release|x64
		{AEF9C3E6-DE00-31A1-98CE-7536C40E52F8}.Release|x64.Build.0 = Release|x64
		{AEF9C3E6-DE00-31A1-98CE-7536C40E52F8}.MinSizeRel|x64.ActiveCfg = MinSizeRel|x64
		{AEF9C3E6-DE00-31A1-98CE-7536C40E52F8}.MinSizeRel|x64.Build.0 = MinSizeRel|x64
		{AEF9C3E6-DE00-31A1-98CE-7536C40E52F8}.RelWithDebInfo|x64.ActiveCfg = RelWithDebInfo|x64
		{AEF9C3E6-DE00-31A1-98CE-7536C40E52F8}.RelWithDebInfo|x64.Build.0 = RelWithDebInfo|x64
		{9E27D82D-1659-3B83-B02E-FCFE6010453A}.Debug|x64.ActiveCfg = Debug|x64
		{9E27D82D-1659-3B83-B02E-FCFE6010453A}.Debug|x64.Build.0 = Debug|x64
		{9E27D82D-1659-3B83-B02E-FCFE6010453A}.Release|x64.ActiveCfg = Release|x64
		{9E27D82D-1659-3B83-B02E-FCFE6010453A}.Release|x64.Build.0 = Release|x64
		{9E27D82D-1659-3B83-B02E-FCFE6010453A}.MinSizeRel|x64.ActiveCfg = MinSizeRel|x64
		{9E27D82D-1659-3B83-B02E-FCFE6010453A}.MinSizeRel|x64.Build.0 = MinSizeRel|x64
		{9E27D82D-1659-3B83-B02E-FCFE6010453A}.RelWithDebInfo|x64.ActiveCfg = RelWithDebInfo|x64
		{9E27D82D-1659-3B83-B02E-FCFE6010453A}.RelWithDebInfo|x64.Build.0 = RelWithDebInfo|x64
		{7824C2BA-C35D-3EF8-87E7-E1B23D74AECC}.Debug|x64.ActiveCfg = Debug|x64
		{7824C2BA-C35D-3EF8-87E7-E1B23D74AECC}.Debug|x64.Build.0 = Debug|x64
		{7824C2BA-C35D-3EF8-87E7-E1B23D74AECC}.Release|x64.ActiveCfg = Release|x64
		{7824C2BA-C35D-3EF8-87E7-E1B23D74AECC}.Release|x64.Build.0 = Release|x64
		{7824C2BA-C35D-3EF8-87E7-E1B23D74AECC}.MinSizeRel|x64.ActiveCfg = MinSizeRel|x64
		{7824C2BA-C35D-3EF8-87E7-E1B23D74AECC}.MinSizeRel|x64.Build.0 = MinSizeRel|x64
		{7824C2BA-C35D-3EF8-87E7-E1B23D74AECC}.RelWithDebInfo|x64.ActiveCfg = RelWithDebInfo|x64
		{7824C2BA-C35D-3EF8-87E7-E1B23D74AECC}.RelWithDebInfo|x64.Build.0 = RelWithDebInfo|x64
		{B36BEE61-552A-34E0-8750-E7B820CC815A}.Debug|x64.ActiveCfg = Debug|x64
		{B36BEE61-552A-34E0-8750-E7B820CC815A}.Release|x64.ActiveCfg = Release|x64
		{B36BEE61-552A-34E0-8750-E7B820CC815A}.MinSizeRel|x64.ActiveCfg = MinSizeRel|x64
		{B36BEE61-552A-34E0-8750-E7B820CC815A}.RelWithDebInfo|x64.ActiveCfg = RelWithDebInfo|x64
		{4FBE3623-1191-3DD8-812A-1334FF1674CC}.Debug|x64.ActiveCfg = Debug|x64
		{4FBE3623-1191-3DD8-812A-1334FF1674CC}.Debug|x64.Build.0 = Debug|x64
		{4FBE3623-1191-3DD8-812A-1334FF1674CC}.Release|x64.ActiveCfg = Release|x64
		{4FBE3623-1191-3DD8-812A-1334FF1674CC}.Release|x64.Build.0 = Release|x64
		{4FBE3623-1191-3DD8-812A-1334FF1674CC}.MinSizeRel|x64.ActiveCfg = MinSizeRel|x64
		{4FBE3623-1191-3DD8-812A-1334FF1674CC}.MinSizeRel|x64.Build.0 = MinSizeRel|x64
		{4FBE3623-1191-3DD8-812A-1334FF1674CC}.RelWithDebInfo|x64.ActiveCfg = RelWithDebInfo|x64
		{4FBE3623-1191-3DD8-812A-1334FF1674CC}.RelWithDebInfo|x64.Build.0 = RelWithDebInfo|x64
		{1DCE9430-3CC9-355E-ADC8-C33EFD84F241}.Debug|x64.ActiveCfg = Debug|x64
		{1DCE9430-3CC9-355E-ADC8-C33EFD84F241}.Debug|x64.Build.0 = Debug|x64
		{1DCE9430-3CC9-355E-ADC8-C33EFD84F241}.Release|x64.ActiveCfg = Release|x64
		{1DCE9430-3CC9-355E-ADC8-C33EFD84F241}.Release|x64.Build.0 = Release|x64
		{1DCE9430-3CC9-355E-ADC8-C33EFD84F241}.MinSizeRel|x64.ActiveCfg = MinSizeRel|x64
		{1DCE9430-3CC9-355E-ADC8-C33EFD84F241}.MinSizeRel|x64.Build.0 = MinSizeRel|x64
		{1DCE9430-3CC9-355E-ADC8-C33EFD84F241}.RelWithDebInfo|x64.ActiveCfg = RelWithDebInfo|x64
		{1DCE9430-3CC9-355E-ADC8-C33EFD84F241}.RelWithDebInfo|x64.Build.0 = RelWithDebInfo|x64
		{B547B3D7-894A-3532-8E52-69D8BFA927FE}.Debug|x64.ActiveCfg = Debug|x64
		{B547B3D7-894A-3532-8E52-69D8BFA927FE}.Debug|x64.Build.0 = Debug|x64
		{B547B3D7-894A-3532-8E52-69D8BFA927FE}.Release|x64.ActiveCfg = Release|x64
		{B547B3D7-894A-3532-8E52-69D8BFA927FE}.Release|x64.Build.0 = Release|x64
		{B547B3D7-894A-3532-8E52-69D8BFA927FE}.MinSizeRel|x64.ActiveCfg = MinSizeRel|x64
		{B547B3D7-894A-3532-8E52-69D8BFA927FE}.MinSizeRel|x64.Build.0 = MinSizeRel|x64
		{B547B3D7-894A-3532-8E52-69D8BFA927FE}.RelWithDebInfo|x64.ActiveCfg = RelWithDebInfo|x64
		{B547B3D7-894A-3532-8E52-69D8BFA927FE}.RelWithDebInfo|x64.Build.0 = RelWithDebInfo|x64
		{34D27624-4261-3D14-8485-1F382EC20F02}.Debug|x64.ActiveCfg = Debug|x64
		{34D27624-4261-3D14-8485-1F382EC20F02}.Release|x64.ActiveCfg = Release|x64
		{34D27624-4261-3D14-8485-1F382EC20F02}.MinSizeRel|x64.ActiveCfg = MinSizeRel|x64
		{34D27624-4261-3D14-8485-1F382EC20F02}.RelWithDebInfo|x64.ActiveCfg = RelWithDebInfo|x64
		{59E37081-BCFF-3A18-861E-88DF57B94870}.Debug|x64.ActiveCfg = Debug|x64
		{59E37081-BCFF-3A18-861E-88DF57B94870}.Release|x64.ActiveCfg = Release|x64
		{59E37081-BCFF-3A18-861E-88DF57B94870}.MinSizeRel|x64.ActiveCfg = MinSizeRel|x64
		{59E37081-BCFF-3A18-861E-88DF57B94870}.RelWithDebInfo|x64.ActiveCfg = RelWithDebInfo|x64
		{524006E2-D199-363F-8458-3A6A9F8035DB}.Debug|x64.ActiveCfg = Debug|x64
		{524006E2-D199-363F-8458-3A6A9F8035DB}.Debug|x64.Build.0 = Debug|x64
		{524006E2-D199-363F-8458-3A6A9F8035DB}.Release|x64.ActiveCfg = Release|x64
		{524006E2-D199-363F-8458-3A6A9F8035DB}.Release|x64.Build.0 = Release|x64
		{524006E2-D199-363F-8458-3A6A9F8035DB}.MinSizeRel|x64.ActiveCfg = MinSizeRel|x64
		{524006E2-D199-363F-8458-3A6A9F8035DB}.MinSizeRel|x64.Build.0 = MinSizeRel|x64
		{524006E2-D199-363F-8458-3A6A9F8035DB}.RelWithDebInfo|x64.ActiveCfg = RelWithDebInfo|x64
		{524006E2-D199-363F-8458-3A6A9F8035DB}.RelWithDebInfo|x64.Build.0 = RelWithDebInfo|x64
		{1EBA5E16-6ED2-36C3-ABA4-1B2054C59256}.Debug|x64.ActiveCfg = Debug|x64
		{1EBA5E16-6ED2-36C3-ABA4-1B2054C59256}.Debug|x64.Build.0 = Debug|x64
		{1EBA5E16-6ED2-36C3-ABA4-1B2054C59256}.Release|x64.ActiveCfg = Release|x64
		{1EBA5E16-6ED2-36C3-ABA4-1B2054C59256}.Release|x64.Build.0 = Release|x64
		{1EBA5E16-6ED2-36C3-ABA4-1B2054C59256}.MinSizeRel|x64.ActiveCfg = MinSizeRel|x64
		{1EBA5E16-6ED2-36C3-ABA4-1B2054C59256}.MinSizeRel|x64.Build.0 = MinSizeRel|x64
		{1EBA5E16-6ED2-36C3-ABA4-1B2054C59256}.RelWithDebInfo|x64.ActiveCfg = RelWithDebInfo|x64
		{1EBA5E16-6ED2-36C3-ABA4-1B2054C59256}.RelWithDebInfo|x64.Build.0 = RelWithDebInfo|x64
		{5A7386F2-CD52-366F-9F78-805AC3E28DCD}.Debug|x64.ActiveCfg = Debug|x64
		{5A7386F2-CD52-366F-9F78-805AC3E28DCD}.Debug|x64.Build.0 = Debug|x64
		{5A7386F2-CD52-366F-9F78-805AC3E28DCD}.Release|x64.ActiveCfg = Release|x64
		{5A7386F2-CD52-366F-9F78-805AC3E28DCD}.Release|x64.Build.0 = Release|x64
		{5A7386F2-CD52-366F-9F78-805AC3E28DCD}.MinSizeRel|x64.ActiveCfg = MinSizeRel|x64
		{5A7386F2-CD52-366F-9F78-805AC3E28DCD}.MinSizeRel|x64.Build.0 = MinSizeRel|x64
		{5A7386F2-CD52-366F-9F78-805AC3E28DCD}.RelWithDebInfo|x64.ActiveCfg = RelWithDebInfo|x64
		{5A7386F2-CD52-366F-9F78-805AC3E28DCD}.RelWithDebInfo|x64.Build.0 = RelWithDebInfo|x64
		{8BDCD64D-72C0-3B23-B4CC-838C016EDDC9}.Debug|x64.ActiveCfg = Debug|x64
		{8BDCD64D-72C0-3B23-B4CC-838C016EDDC9}.Debug|x64.Build.0 = Debug|x64
		{8BDCD64D-72C0-3B23-B4CC-838C016EDDC9}.Release|x64.ActiveCfg = Release|x64
		{8BDCD64D-72C0-3B23-B4CC-838C016EDDC9}.Release|x64.Build.0 = Release|x64
		{8BDCD64D-72C0-3B23-B4CC-838C016EDDC9}.MinSizeRel|x64.ActiveCfg = MinSizeRel|x64
		{8BDCD64D-72C0-3B23-B4CC-838C016EDDC9}.MinSizeRel|x64.Build.0 = MinSizeRel|x64
		{8BDCD64D-72C0-3B23-B4CC-838C016EDDC9}.RelWithDebInfo|x64.ActiveCfg = RelWithDebInfo|x64
		{8BDCD64D-72C0-3B23-B4CC-838C016EDDC9}.RelWithDebInfo|x64.Build.0 = RelWithDebInfo|x64
		{33162D9E-E4C9-35BB-B962-326668FAA818}.Debug|x64.ActiveCfg = Debug|x64
		{33162D9E-E4C9-35BB-B962-326668FAA818}.Debug|x64.Build.0 = Debug|x64
		{33162D9E-E4C9-35BB-B962-326668FAA818}.Release|x64.ActiveCfg = Release|x64
		{33162D9E-E4C9-35BB-B962-326668FAA818}.Release|x64.Build.0 = Release|x64
		{33162D9E-E4C9-35BB-B962-326668FAA818}.MinSizeRel|x64.ActiveCfg = MinSizeRel|x64
		{33162D9E-E4C9-35BB-B962-326668FAA818}.MinSizeRel|x64.Build.0 = MinSizeRel|x64
		{33162D9E-E4C9-35BB-B962-326668FAA818}.RelWithDebInfo|x64.ActiveCfg = RelWithDebInfo|x64
		{33162D9E-E4C9-35BB-B962-326668FAA818}.RelWithDebInfo|x64.Build.0 = RelWithDebInfo|x64
		{5C7CEE5C-5E7B-37DF-B3AF-4A86EB764A37}.Debug|x64.ActiveCfg = Debug|x64
		{5C7CEE5C-5E7B-37DF-B3AF-4A86EB764A37}.Release|x64.ActiveCfg = Release|x64
		{5C7CEE5C-5E7B-37DF-B3AF-4A86EB764A37}.MinSizeRel|x64.ActiveCfg = MinSizeRel|x64
		{5C7CEE5C-5E7B-37DF-B3AF-4A86EB764A37}.RelWithDebInfo|x64.ActiveCfg = RelWithDebInfo|x64
		{9514F955-51E7-3C26-A681-EA9F2A067E25}.Debug|x64.ActiveCfg = Debug|x64
		{9514F955-51E7-3C26-A681-EA9F2A067E25}.Release|x64.ActiveCfg = Release|x64
		{9514F955-51E7-3C26-A681-EA9F2A067E25}.MinSizeRel|x64.ActiveCfg = MinSizeRel|x64
		{9514F955-51E7-3C26-A681-EA9F2A067E25}.RelWithDebInfo|x64.ActiveCfg = RelWithDebInfo|x64
		{E669302E-901D-396B-BD7B-B538D8FDDA2C}.Debug|x64.ActiveCfg = Debug|x64
		{E669302E-901D-396B-BD7B-B538D8FDDA2C}.Debug|x64.Build.0 = Debug|x64
		{E669302E-901D-396B-BD7B-B538D8FDDA2C}.Release|x64.ActiveCfg = Release|x64
		{E669302E-901D-396B-BD7B-B538D8FDDA2C}.Release|x64.Build.0 = Release|x64
		{E669302E-901D-396B-BD7B-B538D8FDDA2C}.MinSizeRel|x64.ActiveCfg = MinSizeRel|x64
		{E669302E-901D-396B-BD7B-B538D8FDDA2C}.MinSizeRel|x64.Build.0 = MinSizeRel|x64
		{E669302E-901D-396B-BD7B-B538D8FDDA2C}.RelWithDebInfo|x64.ActiveCfg = RelWithDebInfo|x64
		{E669302E-901D-396B-BD7B-B538D8FDDA2C}.RelWithDebInfo|x64.Build.0 = RelWithDebInfo|x64
		{D4244F0C-D8D0-3A0E-B7FC-70CCB4888C2F}.Debug|x64.ActiveCfg = Debug|x64
		{D4244F0C-D8D0-3A0E-B7FC-70CCB4888C2F}.Release|x64.ActiveCfg = Release|x64
		{D4244F0C-D8D0-3A0E-B7FC-70CCB4888C2F}.MinSizeRel|x64.ActiveCfg = MinSizeRel|x64
		{D4244F0C-D8D0-3A0E-B7FC-70CCB4888C2F}.RelWithDebInfo|x64.ActiveCfg = RelWithDebInfo|x64
		{0A164E73-0BD4-3259-B3AF-12E36E7AC0AA}.Debug|x64.ActiveCfg = Debug|x64
		{0A164E73-0BD4-3259-B3AF-12E36E7AC0AA}.Release|x64.ActiveCfg = Release|x64
		{0A164E73-0BD4-3259-B3AF-12E36E7AC0AA}.MinSizeRel|x64.ActiveCfg = MinSizeRel|x64
		{0A164E73-0BD4-3259-B3AF-12E36E7AC0AA}.RelWithDebInfo|x64.ActiveCfg = RelWithDebInfo|x64
		{4C726A86-ECCF-316E-A19F-941A85656AB8}.Debug|x64.ActiveCfg = Debug|x64
		{4C726A86-ECCF-316E-A19F-941A85656AB8}.Release|x64.ActiveCfg = Release|x64
		{4C726A86-ECCF-316E-A19F-941A85656AB8}.MinSizeRel|x64.ActiveCfg = MinSizeRel|x64
		{4C726A86-ECCF-316E-A19F-941A85656AB8}.RelWithDebInfo|x64.ActiveCfg = RelWithDebInfo|x64
		{54FCB73A-5827-3509-B219-8F6197FED850}.Debug|x64.ActiveCfg = Debug|x64
		{54FCB73A-5827-3509-B219-8F6197FED850}.Release|x64.ActiveCfg = Release|x64
		{54FCB73A-5827-3509-B219-8F6197FED850}.MinSizeRel|x64.ActiveCfg = MinSizeRel|x64
		{54FCB73A-5827-3509-B219-8F6197FED850}.RelWithDebInfo|x64.ActiveCfg = RelWithDebInfo|x64
		{7B54A700-67B6-3701-8AD7-BFCAD3056817}.Debug|x64.ActiveCfg = Debug|x64
		{7B54A700-67B6-3701-8AD7-BFCAD3056817}.Release|x64.ActiveCfg = Release|x64
		{7B54A700-67B6-3701-8AD7-BFCAD3056817}.MinSizeRel|x64.ActiveCfg = MinSizeRel|x64
		{7B54A700-67B6-3701-8AD7-BFCAD3056817}.RelWithDebInfo|x64.ActiveCfg = RelWithDebInfo|x64
		{37A271BB-CD93-37A1-884A-6B95A6E2B953}.Debug|x64.ActiveCfg = Debug|x64
		{37A271BB-CD93-37A1-884A-6B95A6E2B953}.Release|x64.ActiveCfg = Release|x64
		{37A271BB-CD93-37A1-884A-6B95A6E2B953}.MinSizeRel|x64.ActiveCfg = MinSizeRel|x64
		{37A271BB-CD93-37A1-884A-6B95A6E2B953}.RelWithDebInfo|x64.ActiveCfg = RelWithDebInfo|x64
		{187FC407-9C4B-3A3D-BE13-BA822F54E5CB}.Debug|x64.ActiveCfg = Debug|x64
		{187FC407-9C4B-3A3D-BE13-BA822F54E5CB}.Release|x64.ActiveCfg = Release|x64
		{187FC407-9C4B-3A3D-BE13-BA822F54E5CB}.MinSizeRel|x64.ActiveCfg = MinSizeRel|x64
		{187FC407-9C4B-3A3D-BE13-BA822F54E5CB}.RelWithDebInfo|x64.ActiveCfg = RelWithDebInfo|x64
		{0A28D0AC-8242-30D4-A877-DEDC8008CB71}.Debug|x64.ActiveCfg = Debug|x64
		{0A28D0AC-8242-30D4-A877-DEDC8008CB71}.Release|x64.ActiveCfg = Release|x64
		{0A28D0AC-8242-30D4-A877-DEDC8008CB71}.MinSizeRel|x64.ActiveCfg = MinSizeRel|x64
		{0A28D0AC-8242-30D4-A877-DEDC8008CB71}.RelWithDebInfo|x64.ActiveCfg = RelWithDebInfo|x64
		{A99F3FF9-7609-3722-B8F6-B9C61AE6B7A0}.Debug|x64.ActiveCfg = Debug|x64
		{A99F3FF9-7609-3722-B8F6-B9C61AE6B7A0}.Debug|x64.Build.0 = Debug|x64
		{A99F3FF9-7609-3722-B8F6-B9C61AE6B7A0}.Release|x64.ActiveCfg = Release|x64
		{A99F3FF9-7609-3722-B8F6-B9C61AE6B7A0}.Release|x64.Build.0 = Release|x64
		{A99F3FF9-7609-3722-B8F6-B9C61AE6B7A0}.MinSizeRel|x64.ActiveCfg = MinSizeRel|x64
		{A99F3FF9-7609-3722-B8F6-B9C61AE6B7A0}.MinSizeRel|x64.Build.0 = MinSizeRel|x64
		{A99F3FF9-7609-3722-B8F6-B9C61AE6B7A0}.RelWithDebInfo|x64.ActiveCfg = RelWithDebInfo|x64
		{A99F3FF9-7609-3722-B8F6-B9C61AE6B7A0}.RelWithDebInfo|x64.Build.0 = RelWithDebInfo|x64
		{0BFAFA46-C7B2-3113-AB60-34E6E21EA0F1}.Debug|x64.ActiveCfg = Debug|x64
		{0BFAFA46-C7B2-3113-AB60-34E6E21EA0F1}.Debug|x64.Build.0 = Debug|x64
		{0BFAFA46-C7B2-3113-AB60-34E6E21EA0F1}.Release|x64.ActiveCfg = Release|x64
		{0BFAFA46-C7B2-3113-AB60-34E6E21EA0F1}.Release|x64.Build.0 = Release|x64
		{0BFAFA46-C7B2-3113-AB60-34E6E21EA0F1}.MinSizeRel|x64.ActiveCfg = MinSizeRel|x64
		{0BFAFA46-C7B2-3113-AB60-34E6E21EA0F1}.MinSizeRel|x64.Build.0 = MinSizeRel|x64
		{0BFAFA46-C7B2-3113-AB60-34E6E21EA0F1}.RelWithDebInfo|x64.ActiveCfg = RelWithDebInfo|x64
		{0BFAFA46-C7B2-3113-AB60-34E6E21EA0F1}.RelWithDebInfo|x64.Build.0 = RelWithDebInfo|x64
		{AF7DB9EE-FE42-3196-89A1-035D34D4A7CC}.Debug|x64.ActiveCfg = Debug|x64
		{AF7DB9EE-FE42-3196-89A1-035D34D4A7CC}.Debug|x64.Build.0 = Debug|x64
		{AF7DB9EE-FE42-3196-89A1-035D34D4A7CC}.Release|x64.ActiveCfg = Release|x64
		{AF7DB9EE-FE42-3196-89A1-035D34D4A7CC}.Release|x64.Build.0 = Release|x64
		{AF7DB9EE-FE42-3196-89A1-035D34D4A7CC}.MinSizeRel|x64.ActiveCfg = MinSizeRel|x64
		{AF7DB9EE-FE42-3196-89A1-035D34D4A7CC}.MinSizeRel|x64.Build.0 = MinSizeRel|x64
		{AF7DB9EE-FE42-3196-89A1-035D34D4A7CC}.RelWithDebInfo|x64.ActiveCfg = RelWithDebInfo|x64
		{AF7DB9EE-FE42-3196-89A1-035D34D4A7CC}.RelWithDebInfo|x64.Build.0 = RelWithDebInfo|x64
		{F69BC03D-101B-3AE8-AC14-EEED823ABCF1}.Debug|x64.ActiveCfg = Debug|x64
		{F69BC03D-101B-3AE8-AC14-EEED823ABCF1}.Release|x64.ActiveCfg = Release|x64
		{F69BC03D-101B-3AE8-AC14-EEED823ABCF1}.MinSizeRel|x64.ActiveCfg = MinSizeRel|x64
		{F69BC03D-101B-3AE8-AC14-EEED823ABCF1}.RelWithDebInfo|x64.ActiveCfg = RelWithDebInfo|x64
		{45961E9B-134A-34A8-8DA2-2AC55D1193EA}.Debug|x64.ActiveCfg = Debug|x64
		{45961E9B-134A-34A8-8DA2-2AC55D1193EA}.Debug|x64.Build.0 = Debug|x64
		{45961E9B-134A-34A8-8DA2-2AC55D1193EA}.Release|x64.ActiveCfg = Release|x64
		{45961E9B-134A-34A8-8DA2-2AC55D1193EA}.Release|x64.Build.0 = Release|x64
		{45961E9B-134A-34A8-8DA2-2AC55D1193EA}.MinSizeRel|x64.ActiveCfg = MinSizeRel|x64
		{45961E9B-134A-34A8-8DA2-2AC55D1193EA}.MinSizeRel|x64.Build.0 = MinSizeRel|x64
		{45961E9B-134A-34A8-8DA2-2AC55D1193EA}.RelWithDebInfo|x64.ActiveCfg = RelWithDebInfo|x64
		{45961E9B-134A-34A8-8DA2-2AC55D1193EA}.RelWithDebInfo|x64.Build.0 = RelWithDebInfo|x64
		{58C5FCCD-6DC3-3D7F-A26A-3C4CE2786C1C}.Debug|x64.ActiveCfg = Debug|x64
		{58C5FCCD-6DC3-3D7F-A26A-3C4CE2786C1C}.Debug|x64.Build.0 = Debug|x64
		{58C5FCCD-6DC3-3D7F-A26A-3C4CE2786C1C}.Release|x64.ActiveCfg = Release|x64
		{58C5FCCD-6DC3-3D7F-A26A-3C4CE2786C1C}.Release|x64.Build.0 = Release|x64
		{58C5FCCD-6DC3-3D7F-A26A-3C4CE2786C1C}.MinSizeRel|x64.ActiveCfg = MinSizeRel|x64
		{58C5FCCD-6DC3-3D7F-A26A-3C4CE2786C1C}.MinSizeRel|x64.Build.0 = MinSizeRel|x64
		{58C5FCCD-6DC3-3D7F-A26A-3C4CE2786C1C}.RelWithDebInfo|x64.ActiveCfg = RelWithDebInfo|x64
		{58C5FCCD-6DC3-3D7F-A26A-3C4CE2786C1C}.RelWithDebInfo|x64.Build.0 = RelWithDebInfo|x64
		{F4CE5159-01FE-3DA4-B22D-E05EE4D62AB9}.Debug|x64.ActiveCfg = Debug|x64
		{F4CE5159-01FE-3DA4-B22D-E05EE4D62AB9}.Debug|x64.Build.0 = Debug|x64
		{F4CE5159-01FE-3DA4-B22D-E05EE4D62AB9}.Release|x64.ActiveCfg = Release|x64
		{F4CE5159-01FE-3DA4-B22D-E05EE4D62AB9}.Release|x64.Build.0 = Release|x64
		{F4CE5159-01FE-3DA4-B22D-E05EE4D62AB9}.MinSizeRel|x64.ActiveCfg = MinSizeRel|x64
		{F4CE5159-01FE-3DA4-B22D-E05EE4D62AB9}.MinSizeRel|x64.Build.0 = MinSizeRel|x64
		{F4CE5159-01FE-3DA4-B22D-E05EE4D62AB9}.RelWithDebInfo|x64.ActiveCfg = RelWithDebInfo|x64
		{F4CE5159-01FE-3DA4-B22D-E05EE4D62AB9}.RelWithDebInfo|x64.Build.0 = RelWithDebInfo|x64
		{2971B4A9-4C24-38B2-BF80-CA4BDA312190}.Debug|x64.ActiveCfg = Debug|x64
		{2971B4A9-4C24-38B2-BF80-CA4BDA312190}.Debug|x64.Build.0 = Debug|x64
		{2971B4A9-4C24-38B2-BF80-CA4BDA312190}.Release|x64.ActiveCfg = Release|x64
		{2971B4A9-4C24-38B2-BF80-CA4BDA312190}.Release|x64.Build.0 = Release|x64
		{2971B4A9-4C24-38B2-BF80-CA4BDA312190}.MinSizeRel|x64.ActiveCfg = MinSizeRel|x64
		{2971B4A9-4C24-38B2-BF80-CA4BDA312190}.MinSizeRel|x64.Build.0 = MinSizeRel|x64
		{2971B4A9-4C24-38B2-BF80-CA4BDA312190}.RelWithDebInfo|x64.ActiveCfg = RelWithDebInfo|x64
		{2971B4A9-4C24-38B2-BF80-CA4BDA312190}.RelWithDebInfo|x64.Build.0 = RelWithDebInfo|x64
		{9074B21E-212A-3FC5-82D5-B172F29AF290}.Debug|x64.ActiveCfg = Debug|x64
		{9074B21E-212A-3FC5-82D5-B172F29AF290}.Debug|x64.Build.0 = Debug|x64
		{9074B21E-212A-3FC5-82D5-B172F29AF290}.Release|x64.ActiveCfg = Release|x64
		{9074B21E-212A-3FC5-82D5-B172F29AF290}.Release|x64.Build.0 = Release|x64
		{9074B21E-212A-3FC5-82D5-B172F29AF290}.MinSizeRel|x64.ActiveCfg = MinSizeRel|x64
		{9074B21E-212A-3FC5-82D5-B172F29AF290}.MinSizeRel|x64.Build.0 = MinSizeRel|x64
		{9074B21E-212A-3FC5-82D5-B172F29AF290}.RelWithDebInfo|x64.ActiveCfg = RelWithDebInfo|x64
		{9074B21E-212A-3FC5-82D5-B172F29AF290}.RelWithDebInfo|x64.Build.0 = RelWithDebInfo|x64
	EndGlobalSection
	GlobalSection(ExtensibilityGlobals) = postSolution
		SolutionGuid = {76477018-A873-3360-AC03-148018CAC31C}
	EndGlobalSection
	GlobalSection(ExtensibilityAddIns) = postSolution
	EndGlobalSection
EndGlobal
